// !$*UTF8*$!
{
	archiveVersion = 1;
	classes = {
	};
	objectVersion = 56;
	objects = {

/* Begin PBXBuildFile section */
		675583FA2B767D120017B658 /* AE_Feed.docc in Sources */ = {isa = PBXBuildFile; fileRef = 675583F92B767D120017B658 /* AE_Feed.docc */; };
		675584002B767D130017B658 /* AE_Feed.framework in Frameworks */ = {isa = PBXBuildFile; fileRef = 675583F52B767D120017B658 /* AE_Feed.framework */; };
		675584052B767D130017B658 /* AE_FeedTests.swift in Sources */ = {isa = PBXBuildFile; fileRef = 675584042B767D130017B658 /* AE_FeedTests.swift */; };
		675584062B767D130017B658 /* AE_Feed.h in Headers */ = {isa = PBXBuildFile; fileRef = 675583F82B767D120017B658 /* AE_Feed.h */; settings = {ATTRIBUTES = (Public, ); }; };
		675584102B767D4F0017B658 /* FeedItem.swift in Sources */ = {isa = PBXBuildFile; fileRef = 6755840F2B767D4F0017B658 /* FeedItem.swift */; };
		675584122B767DB90017B658 /* FeedLoader.swift in Sources */ = {isa = PBXBuildFile; fileRef = 675584112B767DB90017B658 /* FeedLoader.swift */; };
		675C35302BDA20A800B102DE /* LocalFeedLoader.swift in Sources */ = {isa = PBXBuildFile; fileRef = 675C352F2BDA20A800B102DE /* LocalFeedLoader.swift */; };
		675C35322BDA21A200B102DE /* FeedStore.swift in Sources */ = {isa = PBXBuildFile; fileRef = 675C35312BDA21A200B102DE /* FeedStore.swift */; };
		675CA4B22B9834E4003E4591 /* XCTestCase+MemoryLeakTracking.swift in Sources */ = {isa = PBXBuildFile; fileRef = 675CA4B12B9834E4003E4591 /* XCTestCase+MemoryLeakTracking.swift */; };
		675F014F2B8F91EE00E0A2C8 /* URLSessionHTTPClientTests.swift in Sources */ = {isa = PBXBuildFile; fileRef = 675F014E2B8F91EE00E0A2C8 /* URLSessionHTTPClientTests.swift */; };
		67660CA02BFC60F20005F569 /* ValidateFeedCacheUseCaseTests.swift in Sources */ = {isa = PBXBuildFile; fileRef = 67660C9F2BFC60F20005F569 /* ValidateFeedCacheUseCaseTests.swift */; };
		67660CA42BFCFEBF0005F569 /* FeedCacheTestHelpers.swift in Sources */ = {isa = PBXBuildFile; fileRef = 67660CA32BFCFEBF0005F569 /* FeedCacheTestHelpers.swift */; };
		67660CA62BFCFFE90005F569 /* SharedTestHelpers.swift in Sources */ = {isa = PBXBuildFile; fileRef = 67660CA52BFCFFE90005F569 /* SharedTestHelpers.swift */; };
		676953F72BFDA5F10008BB08 /* FeedCachePolicy.swift in Sources */ = {isa = PBXBuildFile; fileRef = 676953F62BFDA5F10008BB08 /* FeedCachePolicy.swift */; };
		676BCDF32B9C98F8007136BB /* URLSessionHTTPClient.swift in Sources */ = {isa = PBXBuildFile; fileRef = 676BCDF22B9C98F8007136BB /* URLSessionHTTPClient.swift */; };
		676BCE012B9DC18D007136BB /* AE_FeedAPIEndToEndTests.swift in Sources */ = {isa = PBXBuildFile; fileRef = 676BCE002B9DC18D007136BB /* AE_FeedAPIEndToEndTests.swift */; };
		676BCE022B9DC18D007136BB /* AE_Feed.framework in Frameworks */ = {isa = PBXBuildFile; fileRef = 675583F52B767D120017B658 /* AE_Feed.framework */; };
		676BCE082B9DCF96007136BB /* XCTestCase+MemoryLeakTracking.swift in Sources */ = {isa = PBXBuildFile; fileRef = 675CA4B12B9834E4003E4591 /* XCTestCase+MemoryLeakTracking.swift */; };
		6775D57D2BEB515300C98E08 /* LoadFeedFromCacheUseCaseTests.swift in Sources */ = {isa = PBXBuildFile; fileRef = 6775D57C2BEB515300C98E08 /* LoadFeedFromCacheUseCaseTests.swift */; };
		6775D5802BEB534400C98E08 /* FeedStoreSpy.swift in Sources */ = {isa = PBXBuildFile; fileRef = 6775D57F2BEB534400C98E08 /* FeedStoreSpy.swift */; };
		678418AE2C08461500EBD967 /* FeedStoreSpecs.swift in Sources */ = {isa = PBXBuildFile; fileRef = 678418AD2C08460000EBD967 /* FeedStoreSpecs.swift */; };
		678418B02C088DD900EBD967 /* XCTestCase+FeedStoreSpecs.swift in Sources */ = {isa = PBXBuildFile; fileRef = 678418AF2C088DD900EBD967 /* XCTestCase+FeedStoreSpecs.swift */; };
		678418B22C0893A200EBD967 /* XCTestCase+FailableRetrieveFeedStoreSpecs.swift in Sources */ = {isa = PBXBuildFile; fileRef = 678418B12C0893A200EBD967 /* XCTestCase+FailableRetrieveFeedStoreSpecs.swift */; };
		678418B42C0894C000EBD967 /* XCTestCase+FailableInsertFeedStoreSpecs.swift in Sources */ = {isa = PBXBuildFile; fileRef = 678418B32C0894C000EBD967 /* XCTestCase+FailableInsertFeedStoreSpecs.swift */; };
		678418B62C08961400EBD967 /* XCTestCase+FailableDeleteFeedStoreSpecs.swift in Sources */ = {isa = PBXBuildFile; fileRef = 678418B52C08961400EBD967 /* XCTestCase+FailableDeleteFeedStoreSpecs.swift */; };
		678418B92C08AA8A00EBD967 /* CoreDataFeedStoreTests.swift in Sources */ = {isa = PBXBuildFile; fileRef = 678418B82C08AA8A00EBD967 /* CoreDataFeedStoreTests.swift */; };
		678418BE2C08AF6700EBD967 /* CoreDataFeedStore.xcdatamodeld in Sources */ = {isa = PBXBuildFile; fileRef = 678418BC2C08AF6700EBD967 /* CoreDataFeedStore.xcdatamodeld */; };
		6785BCDE2BD7DA6B0019D2F5 /* CacheFeedUserCaseTests.swift in Sources */ = {isa = PBXBuildFile; fileRef = 6785BCDD2BD7DA6B0019D2F5 /* CacheFeedUserCaseTests.swift */; };
		678A183C2B83BFE7009FE00D /* HTTPClient.swift in Sources */ = {isa = PBXBuildFile; fileRef = 678A183B2B83BFE7009FE00D /* HTTPClient.swift */; };
		678A183E2B83C039009FE00D /* FeedItemMapper.swift in Sources */ = {isa = PBXBuildFile; fileRef = 678A183D2B83C039009FE00D /* FeedItemMapper.swift */; };
		678B731A2B79DA590015E40D /* RemoteFeedLoader.swift in Sources */ = {isa = PBXBuildFile; fileRef = 678B73192B79DA590015E40D /* RemoteFeedLoader.swift */; };
		678B731C2B79DBAF0015E40D /* LoadFeedFromRemoteUseCaseTests.swift in Sources */ = {isa = PBXBuildFile; fileRef = 678B731B2B79DBAF0015E40D /* LoadFeedFromRemoteUseCaseTests.swift */; };
		678DDF962BEE202600CA5A51 /* FeedImage.swift in Sources */ = {isa = PBXBuildFile; fileRef = 678DDF952BEE202600CA5A51 /* FeedImage.swift */; };
		678DDF982BEE205D00CA5A51 /* LocalFeedImage.swift in Sources */ = {isa = PBXBuildFile; fileRef = 678DDF972BEE205D00CA5A51 /* LocalFeedImage.swift */; };
		67AB24E42C3E961500A53A3F /* AEFeediOS.docc in Sources */ = {isa = PBXBuildFile; fileRef = 67AB24E32C3E961500A53A3F /* AEFeediOS.docc */; };
		67AB24FE2C41107C00A53A3F /* AE_Feed.framework in Frameworks */ = {isa = PBXBuildFile; fileRef = 675583F52B767D120017B658 /* AE_Feed.framework */; platformFilter = ios; };
		67AB24FF2C4112F600A53A3F /* XCTestCase+MemoryLeakTracking.swift in Sources */ = {isa = PBXBuildFile; fileRef = 675CA4B12B9834E4003E4591 /* XCTestCase+MemoryLeakTracking.swift */; };
		67AE78BA2C0ED57400AA0D2C /* AE_FeedCacheIntegrationTests.swift in Sources */ = {isa = PBXBuildFile; fileRef = 67AE78B92C0ED57400AA0D2C /* AE_FeedCacheIntegrationTests.swift */; };
		67AE78BB2C0ED57400AA0D2C /* AE_Feed.framework in Frameworks */ = {isa = PBXBuildFile; fileRef = 675583F52B767D120017B658 /* AE_Feed.framework */; };
		67AE78C22C0EDCD000AA0D2C /* XCTestCase+MemoryLeakTracking.swift in Sources */ = {isa = PBXBuildFile; fileRef = 675CA4B12B9834E4003E4591 /* XCTestCase+MemoryLeakTracking.swift */; };
		67AE78C42C11803A00AA0D2C /* SharedTestHelpers.swift in Sources */ = {isa = PBXBuildFile; fileRef = 67660CA52BFCFFE90005F569 /* SharedTestHelpers.swift */; };
		67AE78C52C11803D00AA0D2C /* FeedCacheTestHelpers.swift in Sources */ = {isa = PBXBuildFile; fileRef = 67660CA32BFCFEBF0005F569 /* FeedCacheTestHelpers.swift */; };
		67B428E52C7EEEAB00E6E340 /* FeedImageViewModel.swift in Sources */ = {isa = PBXBuildFile; fileRef = 67B428E32C7EED8F00E6E340 /* FeedImageViewModel.swift */; };
		67DA42472C4121F000437481 /* AEFeediOS.framework in Frameworks */ = {isa = PBXBuildFile; fileRef = 67AB24E02C3E961500A53A3F /* AEFeediOS.framework */; };
		67DA42492C41222A00437481 /* XCTest.framework in Frameworks */ = {isa = PBXBuildFile; fileRef = 67DA42482C41222900437481 /* XCTest.framework */; platformFilter = ios; };
		67DA42512C41288D00437481 /* FeedViewControllerTests.swift in Sources */ = {isa = PBXBuildFile; fileRef = 67DA42502C41288D00437481 /* FeedViewControllerTests.swift */; };
		67DD83A22C7C62DD00399443 /* UIImage+TestHelpers.swift in Sources */ = {isa = PBXBuildFile; fileRef = 67DD83A12C7C62DD00399443 /* UIImage+TestHelpers.swift */; };
		67DD83A52C7C674E00399443 /* UIRefreshControl+TestHelpers.swift in Sources */ = {isa = PBXBuildFile; fileRef = 67DD83A42C7C674E00399443 /* UIRefreshControl+TestHelpers.swift */; };
		67DD83A72C7C67FB00399443 /* UIButton+TestHelpers.swift in Sources */ = {isa = PBXBuildFile; fileRef = 67DD83A62C7C67FB00399443 /* UIButton+TestHelpers.swift */; };
		67DD83A92C7C687B00399443 /* UIControl+TestHelpers.swift in Sources */ = {isa = PBXBuildFile; fileRef = 67DD83A82C7C687B00399443 /* UIControl+TestHelpers.swift */; };
		67DD83AB2C7C6C9A00399443 /* FeedViewController+TestHelpers.swift in Sources */ = {isa = PBXBuildFile; fileRef = 67DD83AA2C7C6C9A00399443 /* FeedViewController+TestHelpers.swift */; };
		67DD83AD2C7C6D5A00399443 /* FeedImageCell+TestHelpers.swift in Sources */ = {isa = PBXBuildFile; fileRef = 67DD83AC2C7C6D5A00399443 /* FeedImageCell+TestHelpers.swift */; };
		67DD83AF2C7C6DAF00399443 /* FeedViewControllerTests+LoaderSpy.swift in Sources */ = {isa = PBXBuildFile; fileRef = 67DD83AE2C7C6DAF00399443 /* FeedViewControllerTests+LoaderSpy.swift */; };
		67DD83B12C7C6E6D00399443 /* FeedViewControllerTests+Assertions.swift in Sources */ = {isa = PBXBuildFile; fileRef = 67DD83B02C7C6E6D00399443 /* FeedViewControllerTests+Assertions.swift */; };
		67DD83B72C7C779000399443 /* FeedImageCell.swift in Sources */ = {isa = PBXBuildFile; fileRef = 677CB8D72C75AA8200E7D9CA /* FeedImageCell.swift */; };
		67DD83B92C7C77B000399443 /* FeedRefreshViewController.swift in Sources */ = {isa = PBXBuildFile; fileRef = 67DD83B22C7C70ED00399443 /* FeedRefreshViewController.swift */; };
		67DD83BA2C7C77CD00399443 /* UIView+Shimmering.swift in Sources */ = {isa = PBXBuildFile; fileRef = 67920A672C7A689200F76F50 /* UIView+Shimmering.swift */; };
		67DD83BB2C7C8A5A00399443 /* FeedImageCell.swift in Sources */ = {isa = PBXBuildFile; fileRef = 677CB8D72C75AA8200E7D9CA /* FeedImageCell.swift */; };
		67DD83BD2C7C8A9000399443 /* FeedViewController.swift in Sources */ = {isa = PBXBuildFile; fileRef = 67DA42542C4A2F0D00437481 /* FeedViewController.swift */; };
		67DD83BE2C7C8A9300399443 /* FeedRefreshViewController.swift in Sources */ = {isa = PBXBuildFile; fileRef = 67DD83B22C7C70ED00399443 /* FeedRefreshViewController.swift */; };
		67DD83BF2C7C8A9700399443 /* FeedImageCellController.swift in Sources */ = {isa = PBXBuildFile; fileRef = 67DD83B52C7C763900399443 /* FeedImageCellController.swift */; };
		67DD83C02C7C8A9A00399443 /* UIView+Shimmering.swift in Sources */ = {isa = PBXBuildFile; fileRef = 67920A672C7A689200F76F50 /* UIView+Shimmering.swift */; };
		67DD83C42C7C8E4000399443 /* FeedUIComposer.swift in Sources */ = {isa = PBXBuildFile; fileRef = 67DD83C22C7C8C4300399443 /* FeedUIComposer.swift */; };
		67DD83C52C7C8E6100399443 /* FeedImageDataLoader.swift in Sources */ = {isa = PBXBuildFile; fileRef = 67DD839D2C7C58EB00399443 /* FeedImageDataLoader.swift */; };
		67DD83C82C7D898300399443 /* FeedViewModel.swift in Sources */ = {isa = PBXBuildFile; fileRef = 67DD83C72C7D898300399443 /* FeedViewModel.swift */; };
		67F2BC9E2C09B41200E93AA6 /* CodableFeedStore.swift in Sources */ = {isa = PBXBuildFile; fileRef = 67467C2E2C021FE500DD10F2 /* CodableFeedStore.swift */; };
		67F2BC9F2C09B41C00E93AA6 /* CoreDataFeedStore.xcdatamodeld in Sources */ = {isa = PBXBuildFile; fileRef = 678418BC2C08AF6700EBD967 /* CoreDataFeedStore.xcdatamodeld */; };
		67F2BCA42C09BD6700E93AA6 /* CoreDataFeedStore.swift in Sources */ = {isa = PBXBuildFile; fileRef = 678418BA2C08ACCF00EBD967 /* CoreDataFeedStore.swift */; };
		67F2BCA72C09BE9900E93AA6 /* CoreDataHelpers.swift in Sources */ = {isa = PBXBuildFile; fileRef = 67F2BCA62C09BE9900E93AA6 /* CoreDataHelpers.swift */; };
		67F2BCA92C09BF5800E93AA6 /* ManagedCache.swift in Sources */ = {isa = PBXBuildFile; fileRef = 67F2BCA82C09BF5800E93AA6 /* ManagedCache.swift */; };
		67F2BCAB2C09BF8600E93AA6 /* ManagedFeedImage.swift in Sources */ = {isa = PBXBuildFile; fileRef = 67F2BCAA2C09BF8600E93AA6 /* ManagedFeedImage.swift */; };
/* End PBXBuildFile section */

/* Begin PBXContainerItemProxy section */
		675584012B767D130017B658 /* PBXContainerItemProxy */ = {
			isa = PBXContainerItemProxy;
			containerPortal = 675583EC2B767D120017B658 /* Project object */;
			proxyType = 1;
			remoteGlobalIDString = 675583F42B767D120017B658;
			remoteInfo = "AE-Feed";
		};
		676BCE032B9DC18D007136BB /* PBXContainerItemProxy */ = {
			isa = PBXContainerItemProxy;
			containerPortal = 675583EC2B767D120017B658 /* Project object */;
			proxyType = 1;
			remoteGlobalIDString = 675583F42B767D120017B658;
			remoteInfo = "AE-Feed";
		};
		67AB24EB2C3E961700A53A3F /* PBXContainerItemProxy */ = {
			isa = PBXContainerItemProxy;
			containerPortal = 675583EC2B767D120017B658 /* Project object */;
			proxyType = 1;
			remoteGlobalIDString = 67AB24DF2C3E961500A53A3F;
			remoteInfo = AEFeediOS;
		};
		67AE78BC2C0ED57400AA0D2C /* PBXContainerItemProxy */ = {
			isa = PBXContainerItemProxy;
			containerPortal = 675583EC2B767D120017B658 /* Project object */;
			proxyType = 1;
			remoteGlobalIDString = 675583F42B767D120017B658;
			remoteInfo = "AE-Feed";
		};
/* End PBXContainerItemProxy section */

/* Begin PBXFileReference section */
		67467C2E2C021FE500DD10F2 /* CodableFeedStore.swift */ = {isa = PBXFileReference; lastKnownFileType = sourcecode.swift; path = CodableFeedStore.swift; sourceTree = "<group>"; };
		675583F52B767D120017B658 /* AE_Feed.framework */ = {isa = PBXFileReference; explicitFileType = wrapper.framework; includeInIndex = 0; path = AE_Feed.framework; sourceTree = BUILT_PRODUCTS_DIR; };
		675583F82B767D120017B658 /* AE_Feed.h */ = {isa = PBXFileReference; lastKnownFileType = sourcecode.c.h; path = AE_Feed.h; sourceTree = "<group>"; };
		675583F92B767D120017B658 /* AE_Feed.docc */ = {isa = PBXFileReference; lastKnownFileType = folder.documentationcatalog; path = AE_Feed.docc; sourceTree = "<group>"; };
		675583FF2B767D130017B658 /* AE-FeedTests.xctest */ = {isa = PBXFileReference; explicitFileType = wrapper.cfbundle; includeInIndex = 0; path = "AE-FeedTests.xctest"; sourceTree = BUILT_PRODUCTS_DIR; };
		675584042B767D130017B658 /* AE_FeedTests.swift */ = {isa = PBXFileReference; lastKnownFileType = sourcecode.swift; path = AE_FeedTests.swift; sourceTree = "<group>"; };
		6755840F2B767D4F0017B658 /* FeedItem.swift */ = {isa = PBXFileReference; lastKnownFileType = sourcecode.swift; path = FeedItem.swift; sourceTree = "<group>"; };
		675584112B767DB90017B658 /* FeedLoader.swift */ = {isa = PBXFileReference; lastKnownFileType = sourcecode.swift; path = FeedLoader.swift; sourceTree = "<group>"; };
		675C352F2BDA20A800B102DE /* LocalFeedLoader.swift */ = {isa = PBXFileReference; lastKnownFileType = sourcecode.swift; path = LocalFeedLoader.swift; sourceTree = "<group>"; };
		675C35312BDA21A200B102DE /* FeedStore.swift */ = {isa = PBXFileReference; lastKnownFileType = sourcecode.swift; path = FeedStore.swift; sourceTree = "<group>"; };
		675CA4B12B9834E4003E4591 /* XCTestCase+MemoryLeakTracking.swift */ = {isa = PBXFileReference; lastKnownFileType = sourcecode.swift; path = "XCTestCase+MemoryLeakTracking.swift"; sourceTree = "<group>"; };
		675F014E2B8F91EE00E0A2C8 /* URLSessionHTTPClientTests.swift */ = {isa = PBXFileReference; lastKnownFileType = sourcecode.swift; path = URLSessionHTTPClientTests.swift; sourceTree = "<group>"; };
		67660C9F2BFC60F20005F569 /* ValidateFeedCacheUseCaseTests.swift */ = {isa = PBXFileReference; lastKnownFileType = sourcecode.swift; path = ValidateFeedCacheUseCaseTests.swift; sourceTree = "<group>"; };
		67660CA32BFCFEBF0005F569 /* FeedCacheTestHelpers.swift */ = {isa = PBXFileReference; lastKnownFileType = sourcecode.swift; path = FeedCacheTestHelpers.swift; sourceTree = "<group>"; };
		67660CA52BFCFFE90005F569 /* SharedTestHelpers.swift */ = {isa = PBXFileReference; lastKnownFileType = sourcecode.swift; path = SharedTestHelpers.swift; sourceTree = "<group>"; };
		676953F62BFDA5F10008BB08 /* FeedCachePolicy.swift */ = {isa = PBXFileReference; lastKnownFileType = sourcecode.swift; path = FeedCachePolicy.swift; sourceTree = "<group>"; };
		676BCDF22B9C98F8007136BB /* URLSessionHTTPClient.swift */ = {isa = PBXFileReference; lastKnownFileType = sourcecode.swift; path = URLSessionHTTPClient.swift; sourceTree = "<group>"; };
		676BCDF92B9DBE88007136BB /* AE-Feed.xctestplan */ = {isa = PBXFileReference; lastKnownFileType = text; name = "AE-Feed.xctestplan"; path = "../AE-Feed.xctestplan"; sourceTree = "<group>"; };
		676BCDFE2B9DC18D007136BB /* AE_FeedAPIEndToEndTests.xctest */ = {isa = PBXFileReference; explicitFileType = wrapper.cfbundle; includeInIndex = 0; path = AE_FeedAPIEndToEndTests.xctest; sourceTree = BUILT_PRODUCTS_DIR; };
		676BCE002B9DC18D007136BB /* AE_FeedAPIEndToEndTests.swift */ = {isa = PBXFileReference; lastKnownFileType = sourcecode.swift; path = AE_FeedAPIEndToEndTests.swift; sourceTree = "<group>"; };
		676BCE0A2B9DD35A007136BB /* AE_FeedAPIEndToEnd.xctestplan */ = {isa = PBXFileReference; lastKnownFileType = text; path = AE_FeedAPIEndToEnd.xctestplan; sourceTree = SOURCE_ROOT; };
		6775D57C2BEB515300C98E08 /* LoadFeedFromCacheUseCaseTests.swift */ = {isa = PBXFileReference; lastKnownFileType = sourcecode.swift; path = LoadFeedFromCacheUseCaseTests.swift; sourceTree = "<group>"; };
		6775D57F2BEB534400C98E08 /* FeedStoreSpy.swift */ = {isa = PBXFileReference; lastKnownFileType = sourcecode.swift; path = FeedStoreSpy.swift; sourceTree = "<group>"; };
		677CB8D72C75AA8200E7D9CA /* FeedImageCell.swift */ = {isa = PBXFileReference; lastKnownFileType = sourcecode.swift; path = FeedImageCell.swift; sourceTree = "<group>"; };
		678418AD2C08460000EBD967 /* FeedStoreSpecs.swift */ = {isa = PBXFileReference; lastKnownFileType = sourcecode.swift; path = FeedStoreSpecs.swift; sourceTree = "<group>"; };
		678418AF2C088DD900EBD967 /* XCTestCase+FeedStoreSpecs.swift */ = {isa = PBXFileReference; lastKnownFileType = sourcecode.swift; path = "XCTestCase+FeedStoreSpecs.swift"; sourceTree = "<group>"; };
		678418B12C0893A200EBD967 /* XCTestCase+FailableRetrieveFeedStoreSpecs.swift */ = {isa = PBXFileReference; lastKnownFileType = sourcecode.swift; path = "XCTestCase+FailableRetrieveFeedStoreSpecs.swift"; sourceTree = "<group>"; };
		678418B32C0894C000EBD967 /* XCTestCase+FailableInsertFeedStoreSpecs.swift */ = {isa = PBXFileReference; lastKnownFileType = sourcecode.swift; path = "XCTestCase+FailableInsertFeedStoreSpecs.swift"; sourceTree = "<group>"; };
		678418B52C08961400EBD967 /* XCTestCase+FailableDeleteFeedStoreSpecs.swift */ = {isa = PBXFileReference; lastKnownFileType = sourcecode.swift; path = "XCTestCase+FailableDeleteFeedStoreSpecs.swift"; sourceTree = "<group>"; };
		678418B82C08AA8A00EBD967 /* CoreDataFeedStoreTests.swift */ = {isa = PBXFileReference; lastKnownFileType = sourcecode.swift; path = CoreDataFeedStoreTests.swift; sourceTree = "<group>"; };
		678418BA2C08ACCF00EBD967 /* CoreDataFeedStore.swift */ = {isa = PBXFileReference; lastKnownFileType = sourcecode.swift; path = CoreDataFeedStore.swift; sourceTree = "<group>"; };
		678418BD2C08AF6700EBD967 /* CoreDataFeedStore.xcdatamodel */ = {isa = PBXFileReference; lastKnownFileType = wrapper.xcdatamodel; path = CoreDataFeedStore.xcdatamodel; sourceTree = "<group>"; };
		6785BCDD2BD7DA6B0019D2F5 /* CacheFeedUserCaseTests.swift */ = {isa = PBXFileReference; lastKnownFileType = sourcecode.swift; path = CacheFeedUserCaseTests.swift; sourceTree = "<group>"; };
		678826262BB1914500E1266B /* README.md */ = {isa = PBXFileReference; lastKnownFileType = net.daringfireball.markdown; path = README.md; sourceTree = "<group>"; };
		678A183B2B83BFE7009FE00D /* HTTPClient.swift */ = {isa = PBXFileReference; lastKnownFileType = sourcecode.swift; path = HTTPClient.swift; sourceTree = "<group>"; };
		678A183D2B83C039009FE00D /* FeedItemMapper.swift */ = {isa = PBXFileReference; lastKnownFileType = sourcecode.swift; path = FeedItemMapper.swift; sourceTree = "<group>"; };
		678B73192B79DA590015E40D /* RemoteFeedLoader.swift */ = {isa = PBXFileReference; lastKnownFileType = sourcecode.swift; path = RemoteFeedLoader.swift; sourceTree = "<group>"; };
		678B731B2B79DBAF0015E40D /* LoadFeedFromRemoteUseCaseTests.swift */ = {isa = PBXFileReference; fileEncoding = 4; lastKnownFileType = sourcecode.swift; path = LoadFeedFromRemoteUseCaseTests.swift; sourceTree = "<group>"; };
		678DDF952BEE202600CA5A51 /* FeedImage.swift */ = {isa = PBXFileReference; lastKnownFileType = sourcecode.swift; path = FeedImage.swift; sourceTree = "<group>"; };
		678DDF972BEE205D00CA5A51 /* LocalFeedImage.swift */ = {isa = PBXFileReference; lastKnownFileType = sourcecode.swift; path = LocalFeedImage.swift; sourceTree = "<group>"; };
		67920A672C7A689200F76F50 /* UIView+Shimmering.swift */ = {isa = PBXFileReference; lastKnownFileType = sourcecode.swift; path = "UIView+Shimmering.swift"; sourceTree = "<group>"; };
		67AB24DA2C3E542700A53A3F /* AE_FeedAPIEndToEndTests 1.xctestplan */ = {isa = PBXFileReference; lastKnownFileType = text; path = "AE_FeedAPIEndToEndTests 1.xctestplan"; sourceTree = "<group>"; };
		67AB24E02C3E961500A53A3F /* AEFeediOS.framework */ = {isa = PBXFileReference; explicitFileType = wrapper.framework; includeInIndex = 0; path = AEFeediOS.framework; sourceTree = BUILT_PRODUCTS_DIR; };
		67AB24E32C3E961500A53A3F /* AEFeediOS.docc */ = {isa = PBXFileReference; lastKnownFileType = folder.documentationcatalog; path = AEFeediOS.docc; sourceTree = "<group>"; };
		67AB24E92C3E961600A53A3F /* AEFeediOSTests.xctest */ = {isa = PBXFileReference; explicitFileType = wrapper.cfbundle; includeInIndex = 0; path = AEFeediOSTests.xctest; sourceTree = BUILT_PRODUCTS_DIR; };
		67AB24F72C3E969700A53A3F /* AEFeediOS.xctestplan */ = {isa = PBXFileReference; lastKnownFileType = text; path = AEFeediOS.xctestplan; sourceTree = "<group>"; };
		67AE78B72C0ED57400AA0D2C /* AE_FeedCacheIntegrationTests.xctest */ = {isa = PBXFileReference; explicitFileType = wrapper.cfbundle; includeInIndex = 0; path = AE_FeedCacheIntegrationTests.xctest; sourceTree = BUILT_PRODUCTS_DIR; };
		67AE78B92C0ED57400AA0D2C /* AE_FeedCacheIntegrationTests.swift */ = {isa = PBXFileReference; lastKnownFileType = sourcecode.swift; path = AE_FeedCacheIntegrationTests.swift; sourceTree = "<group>"; };
		67AE78C12C0ED60C00AA0D2C /* AE_FeedCacheIntegrationTests.xctestplan */ = {isa = PBXFileReference; lastKnownFileType = text; path = AE_FeedCacheIntegrationTests.xctestplan; sourceTree = "<group>"; };
		67B428E32C7EED8F00E6E340 /* FeedImageViewModel.swift */ = {isa = PBXFileReference; lastKnownFileType = sourcecode.swift; path = FeedImageViewModel.swift; sourceTree = "<group>"; };
		67DA42482C41222900437481 /* XCTest.framework */ = {isa = PBXFileReference; lastKnownFileType = wrapper.framework; name = XCTest.framework; path = Platforms/iPhoneOS.platform/Developer/Library/Frameworks/XCTest.framework; sourceTree = DEVELOPER_DIR; };
		67DA424A2C41260C00437481 /* XCTest.framework */ = {isa = PBXFileReference; lastKnownFileType = wrapper.framework; name = XCTest.framework; path = Platforms/MacOSX.platform/Developer/Library/Frameworks/XCTest.framework; sourceTree = DEVELOPER_DIR; };
		67DA42502C41288D00437481 /* FeedViewControllerTests.swift */ = {isa = PBXFileReference; fileEncoding = 4; lastKnownFileType = sourcecode.swift; path = FeedViewControllerTests.swift; sourceTree = "<group>"; };
		67DA42542C4A2F0D00437481 /* FeedViewController.swift */ = {isa = PBXFileReference; lastKnownFileType = sourcecode.swift; path = FeedViewController.swift; sourceTree = "<group>"; };
		67DD839D2C7C58EB00399443 /* FeedImageDataLoader.swift */ = {isa = PBXFileReference; lastKnownFileType = sourcecode.swift; path = FeedImageDataLoader.swift; sourceTree = "<group>"; };
		67DD83A12C7C62DD00399443 /* UIImage+TestHelpers.swift */ = {isa = PBXFileReference; lastKnownFileType = sourcecode.swift; path = "UIImage+TestHelpers.swift"; sourceTree = "<group>"; };
		67DD83A42C7C674E00399443 /* UIRefreshControl+TestHelpers.swift */ = {isa = PBXFileReference; lastKnownFileType = sourcecode.swift; path = "UIRefreshControl+TestHelpers.swift"; sourceTree = "<group>"; };
		67DD83A62C7C67FB00399443 /* UIButton+TestHelpers.swift */ = {isa = PBXFileReference; lastKnownFileType = sourcecode.swift; path = "UIButton+TestHelpers.swift"; sourceTree = "<group>"; };
		67DD83A82C7C687B00399443 /* UIControl+TestHelpers.swift */ = {isa = PBXFileReference; lastKnownFileType = sourcecode.swift; path = "UIControl+TestHelpers.swift"; sourceTree = "<group>"; };
		67DD83AA2C7C6C9A00399443 /* FeedViewController+TestHelpers.swift */ = {isa = PBXFileReference; lastKnownFileType = sourcecode.swift; path = "FeedViewController+TestHelpers.swift"; sourceTree = "<group>"; };
		67DD83AC2C7C6D5A00399443 /* FeedImageCell+TestHelpers.swift */ = {isa = PBXFileReference; lastKnownFileType = sourcecode.swift; path = "FeedImageCell+TestHelpers.swift"; sourceTree = "<group>"; };
		67DD83AE2C7C6DAF00399443 /* FeedViewControllerTests+LoaderSpy.swift */ = {isa = PBXFileReference; lastKnownFileType = sourcecode.swift; path = "FeedViewControllerTests+LoaderSpy.swift"; sourceTree = "<group>"; };
		67DD83B02C7C6E6D00399443 /* FeedViewControllerTests+Assertions.swift */ = {isa = PBXFileReference; lastKnownFileType = sourcecode.swift; path = "FeedViewControllerTests+Assertions.swift"; sourceTree = "<group>"; };
		67DD83B22C7C70ED00399443 /* FeedRefreshViewController.swift */ = {isa = PBXFileReference; lastKnownFileType = sourcecode.swift; path = FeedRefreshViewController.swift; sourceTree = "<group>"; };
		67DD83B52C7C763900399443 /* FeedImageCellController.swift */ = {isa = PBXFileReference; lastKnownFileType = sourcecode.swift; path = FeedImageCellController.swift; sourceTree = "<group>"; };
		67DD83C22C7C8C4300399443 /* FeedUIComposer.swift */ = {isa = PBXFileReference; lastKnownFileType = sourcecode.swift; path = FeedUIComposer.swift; sourceTree = "<group>"; };
		67DD83C72C7D898300399443 /* FeedViewModel.swift */ = {isa = PBXFileReference; lastKnownFileType = sourcecode.swift; path = FeedViewModel.swift; sourceTree = "<group>"; };
		67F2BCA62C09BE9900E93AA6 /* CoreDataHelpers.swift */ = {isa = PBXFileReference; lastKnownFileType = sourcecode.swift; path = CoreDataHelpers.swift; sourceTree = "<group>"; };
		67F2BCA82C09BF5800E93AA6 /* ManagedCache.swift */ = {isa = PBXFileReference; lastKnownFileType = sourcecode.swift; path = ManagedCache.swift; sourceTree = "<group>"; };
		67F2BCAA2C09BF8600E93AA6 /* ManagedFeedImage.swift */ = {isa = PBXFileReference; lastKnownFileType = sourcecode.swift; path = ManagedFeedImage.swift; sourceTree = "<group>"; };
/* End PBXFileReference section */

/* Begin PBXFrameworksBuildPhase section */
		675583F22B767D120017B658 /* Frameworks */ = {
			isa = PBXFrameworksBuildPhase;
			buildActionMask = 2147483647;
			files = (
			);
			runOnlyForDeploymentPostprocessing = 0;
		};
		675583FC2B767D130017B658 /* Frameworks */ = {
			isa = PBXFrameworksBuildPhase;
			buildActionMask = 2147483647;
			files = (
				675584002B767D130017B658 /* AE_Feed.framework in Frameworks */,
			);
			runOnlyForDeploymentPostprocessing = 0;
		};
		676BCDFB2B9DC18D007136BB /* Frameworks */ = {
			isa = PBXFrameworksBuildPhase;
			buildActionMask = 2147483647;
			files = (
				676BCE022B9DC18D007136BB /* AE_Feed.framework in Frameworks */,
			);
			runOnlyForDeploymentPostprocessing = 0;
		};
		67AB24DD2C3E961500A53A3F /* Frameworks */ = {
			isa = PBXFrameworksBuildPhase;
			buildActionMask = 2147483647;
			files = (
				67AB24FE2C41107C00A53A3F /* AE_Feed.framework in Frameworks */,
			);
			runOnlyForDeploymentPostprocessing = 0;
		};
		67AB24E62C3E961600A53A3F /* Frameworks */ = {
			isa = PBXFrameworksBuildPhase;
			buildActionMask = 2147483647;
			files = (
				67DA42492C41222A00437481 /* XCTest.framework in Frameworks */,
				67DA42472C4121F000437481 /* AEFeediOS.framework in Frameworks */,
			);
			runOnlyForDeploymentPostprocessing = 0;
		};
		67AE78B42C0ED57400AA0D2C /* Frameworks */ = {
			isa = PBXFrameworksBuildPhase;
			buildActionMask = 2147483647;
			files = (
				67AE78BB2C0ED57400AA0D2C /* AE_Feed.framework in Frameworks */,
			);
			runOnlyForDeploymentPostprocessing = 0;
		};
/* End PBXFrameworksBuildPhase section */

/* Begin PBXGroup section */
		673E6A302B8A63BE00834045 /* FeedAPI */ = {
			isa = PBXGroup;
			children = (
				678B731B2B79DBAF0015E40D /* LoadFeedFromRemoteUseCaseTests.swift */,
				675F014E2B8F91EE00E0A2C8 /* URLSessionHTTPClientTests.swift */,
			);
			path = FeedAPI;
			sourceTree = "<group>";
		};
		675583EB2B767D120017B658 = {
			isa = PBXGroup;
			children = (
				67AB24F72C3E969700A53A3F /* AEFeediOS.xctestplan */,
				675583F72B767D120017B658 /* AE-Feed */,
				675584032B767D130017B658 /* AE-FeedTests */,
				676BCDFF2B9DC18D007136BB /* AE_FeedAPIEndToEndTests */,
				67AE78B82C0ED57400AA0D2C /* AE_FeedCacheIntegrationTests */,
				67AB24E12C3E961500A53A3F /* AEFeediOS */,
				67AB24ED2C3E961700A53A3F /* AEFeediOSTests */,
				675583F62B767D120017B658 /* Products */,
				67AB24FD2C41107C00A53A3F /* Frameworks */,
			);
			sourceTree = "<group>";
		};
		675583F62B767D120017B658 /* Products */ = {
			isa = PBXGroup;
			children = (
				675583F52B767D120017B658 /* AE_Feed.framework */,
				675583FF2B767D130017B658 /* AE-FeedTests.xctest */,
				676BCDFE2B9DC18D007136BB /* AE_FeedAPIEndToEndTests.xctest */,
				67AE78B72C0ED57400AA0D2C /* AE_FeedCacheIntegrationTests.xctest */,
				67AB24E02C3E961500A53A3F /* AEFeediOS.framework */,
				67AB24E92C3E961600A53A3F /* AEFeediOSTests.xctest */,
			);
			name = Products;
			sourceTree = "<group>";
		};
		675583F72B767D120017B658 /* AE-Feed */ = {
			isa = PBXGroup;
			children = (
				678826262BB1914500E1266B /* README.md */,
				675C352E2BDA207400B102DE /* FeedCache */,
				675584132B767F820017B658 /* FeedFeature */,
				678B73182B79DA320015E40D /* FeedAPI */,
				675583F82B767D120017B658 /* AE_Feed.h */,
				675583F92B767D120017B658 /* AE_Feed.docc */,
			);
			path = "AE-Feed";
			sourceTree = "<group>";
		};
		675584032B767D130017B658 /* AE-FeedTests */ = {
			isa = PBXGroup;
			children = (
				675CA4B02B983468003E4591 /* Helper */,
				676BCDF92B9DBE88007136BB /* AE-Feed.xctestplan */,
				675584042B767D130017B658 /* AE_FeedTests.swift */,
				6785BCDC2BD7DA130019D2F5 /* FeedCache */,
				673E6A302B8A63BE00834045 /* FeedAPI */,
			);
			path = "AE-FeedTests";
			sourceTree = "<group>";
		};
		675584132B767F820017B658 /* FeedFeature */ = {
			isa = PBXGroup;
			children = (
				675584112B767DB90017B658 /* FeedLoader.swift */,
				6755840F2B767D4F0017B658 /* FeedItem.swift */,
				678DDF952BEE202600CA5A51 /* FeedImage.swift */,
			);
			path = FeedFeature;
			sourceTree = "<group>";
		};
		675C352E2BDA207400B102DE /* FeedCache */ = {
			isa = PBXGroup;
			children = (
				67F2BC9B2C09B2CF00E93AA6 /* Infrastructure */,
				675C352F2BDA20A800B102DE /* LocalFeedLoader.swift */,
				676953F62BFDA5F10008BB08 /* FeedCachePolicy.swift */,
				678DDF972BEE205D00CA5A51 /* LocalFeedImage.swift */,
				675C35312BDA21A200B102DE /* FeedStore.swift */,
			);
			path = FeedCache;
			sourceTree = "<group>";
		};
		675CA4B02B983468003E4591 /* Helper */ = {
			isa = PBXGroup;
			children = (
				675CA4B12B9834E4003E4591 /* XCTestCase+MemoryLeakTracking.swift */,
				67660CA52BFCFFE90005F569 /* SharedTestHelpers.swift */,
			);
			path = Helper;
			sourceTree = "<group>";
		};
		676BCDFF2B9DC18D007136BB /* AE_FeedAPIEndToEndTests */ = {
			isa = PBXGroup;
			children = (
				67AB24DA2C3E542700A53A3F /* AE_FeedAPIEndToEndTests 1.xctestplan */,
				676BCE002B9DC18D007136BB /* AE_FeedAPIEndToEndTests.swift */,
				676BCE0A2B9DD35A007136BB /* AE_FeedAPIEndToEnd.xctestplan */,
			);
			path = AE_FeedAPIEndToEndTests;
			sourceTree = "<group>";
		};
		6775D57E2BEB531600C98E08 /* Helpers */ = {
			isa = PBXGroup;
			children = (
				6775D57F2BEB534400C98E08 /* FeedStoreSpy.swift */,
				67660CA32BFCFEBF0005F569 /* FeedCacheTestHelpers.swift */,
			);
			path = Helpers;
			sourceTree = "<group>";
		};
		678418B72C0896F400EBD967 /* FeedStoreSpecs */ = {
			isa = PBXGroup;
			children = (
				678418AD2C08460000EBD967 /* FeedStoreSpecs.swift */,
				678418AF2C088DD900EBD967 /* XCTestCase+FeedStoreSpecs.swift */,
				678418B12C0893A200EBD967 /* XCTestCase+FailableRetrieveFeedStoreSpecs.swift */,
				678418B32C0894C000EBD967 /* XCTestCase+FailableInsertFeedStoreSpecs.swift */,
				678418B52C08961400EBD967 /* XCTestCase+FailableDeleteFeedStoreSpecs.swift */,
			);
			path = FeedStoreSpecs;
			sourceTree = "<group>";
		};
		6785BCDC2BD7DA130019D2F5 /* FeedCache */ = {
			isa = PBXGroup;
			children = (
				6775D57E2BEB531600C98E08 /* Helpers */,
				6785BCDD2BD7DA6B0019D2F5 /* CacheFeedUserCaseTests.swift */,
				6775D57C2BEB515300C98E08 /* LoadFeedFromCacheUseCaseTests.swift */,
				67660C9F2BFC60F20005F569 /* ValidateFeedCacheUseCaseTests.swift */,
				678418B82C08AA8A00EBD967 /* CoreDataFeedStoreTests.swift */,
				678418B72C0896F400EBD967 /* FeedStoreSpecs */,
			);
			path = FeedCache;
			sourceTree = "<group>";
		};
		678B73182B79DA320015E40D /* FeedAPI */ = {
			isa = PBXGroup;
			children = (
				678B73192B79DA590015E40D /* RemoteFeedLoader.swift */,
				678A183B2B83BFE7009FE00D /* HTTPClient.swift */,
				676BCDF22B9C98F8007136BB /* URLSessionHTTPClient.swift */,
				678A183D2B83C039009FE00D /* FeedItemMapper.swift */,
			);
			path = FeedAPI;
			sourceTree = "<group>";
		};
		67AB24E12C3E961500A53A3F /* AEFeediOS */ = {
			isa = PBXGroup;
			children = (
				67DD839A2C7C581100399443 /* FeedImageLoader */,
				67DD83992C7C57F100399443 /* FeedUI */,
				67AB24E32C3E961500A53A3F /* AEFeediOS.docc */,
			);
			path = AEFeediOS;
			sourceTree = "<group>";
		};
		67AB24ED2C3E961700A53A3F /* AEFeediOSTests */ = {
			isa = PBXGroup;
			children = (
				67DA42502C41288D00437481 /* FeedViewControllerTests.swift */,
				67DD83A02C7C62A200399443 /* Helpers */,
			);
			path = AEFeediOSTests;
			sourceTree = "<group>";
		};
		67AB24FD2C41107C00A53A3F /* Frameworks */ = {
			isa = PBXGroup;
			children = (
				67DA424A2C41260C00437481 /* XCTest.framework */,
				67DA42482C41222900437481 /* XCTest.framework */,
			);
			name = Frameworks;
			sourceTree = "<group>";
		};
		67AE78B82C0ED57400AA0D2C /* AE_FeedCacheIntegrationTests */ = {
			isa = PBXGroup;
			children = (
				67AE78C12C0ED60C00AA0D2C /* AE_FeedCacheIntegrationTests.xctestplan */,
				67AE78B92C0ED57400AA0D2C /* AE_FeedCacheIntegrationTests.swift */,
			);
			path = AE_FeedCacheIntegrationTests;
			sourceTree = "<group>";
		};
		67DD83982C7C57C700399443 /* Controllers */ = {
			isa = PBXGroup;
			children = (
				67DA42542C4A2F0D00437481 /* FeedViewController.swift */,
				67DD83B22C7C70ED00399443 /* FeedRefreshViewController.swift */,
				67DD83B52C7C763900399443 /* FeedImageCellController.swift */,
			);
			path = Controllers;
			sourceTree = "<group>";
		};
		67DD83992C7C57F100399443 /* FeedUI */ = {
			isa = PBXGroup;
			children = (
				67DD83C62C7D895E00399443 /* Models */,
				67DD83C12C7C8C2200399443 /* Composers */,
				67DD83982C7C57C700399443 /* Controllers */,
				67DD839C2C7C585F00399443 /* Views */,
			);
			path = FeedUI;
			sourceTree = "<group>";
		};
		67DD839A2C7C581100399443 /* FeedImageLoader */ = {
			isa = PBXGroup;
			children = (
				67DD839D2C7C58EB00399443 /* FeedImageDataLoader.swift */,
			);
			path = FeedImageLoader;
			sourceTree = "<group>";
		};
		67DD839C2C7C585F00399443 /* Views */ = {
			isa = PBXGroup;
			children = (
				67920A672C7A689200F76F50 /* UIView+Shimmering.swift */,
				677CB8D72C75AA8200E7D9CA /* FeedImageCell.swift */,
			);
			path = Views;
			sourceTree = "<group>";
		};
		67DD83A02C7C62A200399443 /* Helpers */ = {
			isa = PBXGroup;
			children = (
				67DD83A12C7C62DD00399443 /* UIImage+TestHelpers.swift */,
				67DD83AA2C7C6C9A00399443 /* FeedViewController+TestHelpers.swift */,
				67DD83A42C7C674E00399443 /* UIRefreshControl+TestHelpers.swift */,
				67DD83A62C7C67FB00399443 /* UIButton+TestHelpers.swift */,
				67DD83A82C7C687B00399443 /* UIControl+TestHelpers.swift */,
				67DD83AC2C7C6D5A00399443 /* FeedImageCell+TestHelpers.swift */,
				67DD83AE2C7C6DAF00399443 /* FeedViewControllerTests+LoaderSpy.swift */,
				67DD83B02C7C6E6D00399443 /* FeedViewControllerTests+Assertions.swift */,
			);
			path = Helpers;
			sourceTree = "<group>";
		};
		67DD83C12C7C8C2200399443 /* Composers */ = {
			isa = PBXGroup;
			children = (
				67DD83C22C7C8C4300399443 /* FeedUIComposer.swift */,
			);
			path = Composers;
			sourceTree = "<group>";
		};
		67DD83C62C7D895E00399443 /* Models */ = {
			isa = PBXGroup;
			children = (
				67DD83C72C7D898300399443 /* FeedViewModel.swift */,
				67B428E32C7EED8F00E6E340 /* FeedImageViewModel.swift */,
			);
			path = Models;
			sourceTree = "<group>";
		};
		67F2BC9B2C09B2CF00E93AA6 /* Infrastructure */ = {
			isa = PBXGroup;
			children = (
				67F2BCA52C09BE1F00E93AA6 /* CoreData */,
				678418BA2C08ACCF00EBD967 /* CoreDataFeedStore.swift */,
				678418BC2C08AF6700EBD967 /* CoreDataFeedStore.xcdatamodeld */,
				67467C2E2C021FE500DD10F2 /* CodableFeedStore.swift */,
			);
			path = Infrastructure;
			sourceTree = "<group>";
		};
		67F2BCA52C09BE1F00E93AA6 /* CoreData */ = {
			isa = PBXGroup;
			children = (
				67F2BCA62C09BE9900E93AA6 /* CoreDataHelpers.swift */,
				67F2BCA82C09BF5800E93AA6 /* ManagedCache.swift */,
				67F2BCAA2C09BF8600E93AA6 /* ManagedFeedImage.swift */,
			);
			path = CoreData;
			sourceTree = "<group>";
		};
/* End PBXGroup section */

/* Begin PBXHeadersBuildPhase section */
		675583F02B767D120017B658 /* Headers */ = {
			isa = PBXHeadersBuildPhase;
			buildActionMask = 2147483647;
			files = (
				675584062B767D130017B658 /* AE_Feed.h in Headers */,
			);
			runOnlyForDeploymentPostprocessing = 0;
		};
		67AB24DB2C3E961500A53A3F /* Headers */ = {
			isa = PBXHeadersBuildPhase;
			buildActionMask = 2147483647;
			files = (
			);
			runOnlyForDeploymentPostprocessing = 0;
		};
/* End PBXHeadersBuildPhase section */

/* Begin PBXNativeTarget section */
		675583F42B767D120017B658 /* AE-Feed */ = {
			isa = PBXNativeTarget;
			buildConfigurationList = 675584092B767D130017B658 /* Build configuration list for PBXNativeTarget "AE-Feed" */;
			buildPhases = (
				675583F02B767D120017B658 /* Headers */,
				675583F12B767D120017B658 /* Sources */,
				675583F22B767D120017B658 /* Frameworks */,
				675583F32B767D120017B658 /* Resources */,
			);
			buildRules = (
			);
			dependencies = (
			);
			name = "AE-Feed";
			productName = "AE-Feed";
			productReference = 675583F52B767D120017B658 /* AE_Feed.framework */;
			productType = "com.apple.product-type.framework";
		};
		675583FE2B767D130017B658 /* AE-FeedTests */ = {
			isa = PBXNativeTarget;
			buildConfigurationList = 6755840C2B767D130017B658 /* Build configuration list for PBXNativeTarget "AE-FeedTests" */;
			buildPhases = (
				675583FB2B767D130017B658 /* Sources */,
				675583FC2B767D130017B658 /* Frameworks */,
				675583FD2B767D130017B658 /* Resources */,
			);
			buildRules = (
			);
			dependencies = (
				675584022B767D130017B658 /* PBXTargetDependency */,
			);
			name = "AE-FeedTests";
			productName = "AE-FeedTests";
			productReference = 675583FF2B767D130017B658 /* AE-FeedTests.xctest */;
			productType = "com.apple.product-type.bundle.unit-test";
		};
		676BCDFD2B9DC18D007136BB /* AE_FeedAPIEndToEndTests */ = {
			isa = PBXNativeTarget;
			buildConfigurationList = 676BCE052B9DC18D007136BB /* Build configuration list for PBXNativeTarget "AE_FeedAPIEndToEndTests" */;
			buildPhases = (
				676BCDFA2B9DC18D007136BB /* Sources */,
				676BCDFB2B9DC18D007136BB /* Frameworks */,
				676BCDFC2B9DC18D007136BB /* Resources */,
			);
			buildRules = (
			);
			dependencies = (
				676BCE042B9DC18D007136BB /* PBXTargetDependency */,
			);
			name = AE_FeedAPIEndToEndTests;
			productName = AE_FeedAPIEndToEndTests;
			productReference = 676BCDFE2B9DC18D007136BB /* AE_FeedAPIEndToEndTests.xctest */;
			productType = "com.apple.product-type.bundle.unit-test";
		};
		67AB24DF2C3E961500A53A3F /* AEFeediOS */ = {
			isa = PBXNativeTarget;
			buildConfigurationList = 67AB24F12C3E961700A53A3F /* Build configuration list for PBXNativeTarget "AEFeediOS" */;
			buildPhases = (
				67AB24DB2C3E961500A53A3F /* Headers */,
				67AB24DC2C3E961500A53A3F /* Sources */,
				67AB24DD2C3E961500A53A3F /* Frameworks */,
				67AB24DE2C3E961500A53A3F /* Resources */,
			);
			buildRules = (
			);
			dependencies = (
			);
			name = AEFeediOS;
			productName = AEFeediOS;
			productReference = 67AB24E02C3E961500A53A3F /* AEFeediOS.framework */;
			productType = "com.apple.product-type.framework";
		};
		67AB24E82C3E961600A53A3F /* AEFeediOSTests */ = {
			isa = PBXNativeTarget;
			buildConfigurationList = 67AB24F42C3E961700A53A3F /* Build configuration list for PBXNativeTarget "AEFeediOSTests" */;
			buildPhases = (
				67AB24E52C3E961600A53A3F /* Sources */,
				67AB24E62C3E961600A53A3F /* Frameworks */,
				67AB24E72C3E961600A53A3F /* Resources */,
			);
			buildRules = (
			);
			dependencies = (
				67AB24EC2C3E961700A53A3F /* PBXTargetDependency */,
			);
			name = AEFeediOSTests;
			productName = AEFeediOSTests;
			productReference = 67AB24E92C3E961600A53A3F /* AEFeediOSTests.xctest */;
			productType = "com.apple.product-type.bundle.unit-test";
		};
		67AE78B62C0ED57400AA0D2C /* AE_FeedCacheIntegrationTests */ = {
			isa = PBXNativeTarget;
			buildConfigurationList = 67AE78C02C0ED57400AA0D2C /* Build configuration list for PBXNativeTarget "AE_FeedCacheIntegrationTests" */;
			buildPhases = (
				67AE78B32C0ED57400AA0D2C /* Sources */,
				67AE78B42C0ED57400AA0D2C /* Frameworks */,
				67AE78B52C0ED57400AA0D2C /* Resources */,
			);
			buildRules = (
			);
			dependencies = (
				67AE78BD2C0ED57400AA0D2C /* PBXTargetDependency */,
			);
			name = AE_FeedCacheIntegrationTests;
			productName = AE_FeedCacheIntegrationTests;
			productReference = 67AE78B72C0ED57400AA0D2C /* AE_FeedCacheIntegrationTests.xctest */;
			productType = "com.apple.product-type.bundle.unit-test";
		};
/* End PBXNativeTarget section */

/* Begin PBXProject section */
		675583EC2B767D120017B658 /* Project object */ = {
			isa = PBXProject;
			attributes = {
				BuildIndependentTargetsInParallel = 1;
				LastSwiftUpdateCheck = 1530;
				LastUpgradeCheck = 1530;
				TargetAttributes = {
					675583F42B767D120017B658 = {
						CreatedOnToolsVersion = 15.0.1;
					};
					675583FE2B767D130017B658 = {
						CreatedOnToolsVersion = 15.0.1;
					};
					676BCDFD2B9DC18D007136BB = {
						CreatedOnToolsVersion = 15.0.1;
					};
					67AB24DF2C3E961500A53A3F = {
						CreatedOnToolsVersion = 15.3;
					};
					67AB24E82C3E961600A53A3F = {
						CreatedOnToolsVersion = 15.3;
						LastSwiftMigration = 1530;
					};
					67AE78B62C0ED57400AA0D2C = {
						CreatedOnToolsVersion = 15.3;
					};
				};
			};
			buildConfigurationList = 675583EF2B767D120017B658 /* Build configuration list for PBXProject "AE-Feed" */;
			compatibilityVersion = "Xcode 14.0";
			developmentRegion = en;
			hasScannedForEncodings = 0;
			knownRegions = (
				en,
				Base,
			);
			mainGroup = 675583EB2B767D120017B658;
			productRefGroup = 675583F62B767D120017B658 /* Products */;
			projectDirPath = "";
			projectRoot = "";
			targets = (
				675583F42B767D120017B658 /* AE-Feed */,
				675583FE2B767D130017B658 /* AE-FeedTests */,
				676BCDFD2B9DC18D007136BB /* AE_FeedAPIEndToEndTests */,
				67AE78B62C0ED57400AA0D2C /* AE_FeedCacheIntegrationTests */,
				67AB24DF2C3E961500A53A3F /* AEFeediOS */,
				67AB24E82C3E961600A53A3F /* AEFeediOSTests */,
			);
		};
/* End PBXProject section */

/* Begin PBXResourcesBuildPhase section */
		675583F32B767D120017B658 /* Resources */ = {
			isa = PBXResourcesBuildPhase;
			buildActionMask = 2147483647;
			files = (
			);
			runOnlyForDeploymentPostprocessing = 0;
		};
		675583FD2B767D130017B658 /* Resources */ = {
			isa = PBXResourcesBuildPhase;
			buildActionMask = 2147483647;
			files = (
			);
			runOnlyForDeploymentPostprocessing = 0;
		};
		676BCDFC2B9DC18D007136BB /* Resources */ = {
			isa = PBXResourcesBuildPhase;
			buildActionMask = 2147483647;
			files = (
			);
			runOnlyForDeploymentPostprocessing = 0;
		};
		67AB24DE2C3E961500A53A3F /* Resources */ = {
			isa = PBXResourcesBuildPhase;
			buildActionMask = 2147483647;
			files = (
			);
			runOnlyForDeploymentPostprocessing = 0;
		};
		67AB24E72C3E961600A53A3F /* Resources */ = {
			isa = PBXResourcesBuildPhase;
			buildActionMask = 2147483647;
			files = (
			);
			runOnlyForDeploymentPostprocessing = 0;
		};
		67AE78B52C0ED57400AA0D2C /* Resources */ = {
			isa = PBXResourcesBuildPhase;
			buildActionMask = 2147483647;
			files = (
			);
			runOnlyForDeploymentPostprocessing = 0;
		};
/* End PBXResourcesBuildPhase section */

/* Begin PBXSourcesBuildPhase section */
		675583F12B767D120017B658 /* Sources */ = {
			isa = PBXSourcesBuildPhase;
			buildActionMask = 2147483647;
			files = (
				67F2BCA42C09BD6700E93AA6 /* CoreDataFeedStore.swift in Sources */,
				675C35322BDA21A200B102DE /* FeedStore.swift in Sources */,
				676BCDF32B9C98F8007136BB /* URLSessionHTTPClient.swift in Sources */,
				678B731A2B79DA590015E40D /* RemoteFeedLoader.swift in Sources */,
				678A183C2B83BFE7009FE00D /* HTTPClient.swift in Sources */,
				67F2BC9F2C09B41C00E93AA6 /* CoreDataFeedStore.xcdatamodeld in Sources */,
				67F2BCA72C09BE9900E93AA6 /* CoreDataHelpers.swift in Sources */,
				675584122B767DB90017B658 /* FeedLoader.swift in Sources */,
				678A183E2B83C039009FE00D /* FeedItemMapper.swift in Sources */,
				67F2BCA92C09BF5800E93AA6 /* ManagedCache.swift in Sources */,
				675584102B767D4F0017B658 /* FeedItem.swift in Sources */,
				678DDF982BEE205D00CA5A51 /* LocalFeedImage.swift in Sources */,
				67F2BC9E2C09B41200E93AA6 /* CodableFeedStore.swift in Sources */,
				676953F72BFDA5F10008BB08 /* FeedCachePolicy.swift in Sources */,
				675C35302BDA20A800B102DE /* LocalFeedLoader.swift in Sources */,
				67F2BCAB2C09BF8600E93AA6 /* ManagedFeedImage.swift in Sources */,
				675583FA2B767D120017B658 /* AE_Feed.docc in Sources */,
				678DDF962BEE202600CA5A51 /* FeedImage.swift in Sources */,
			);
			runOnlyForDeploymentPostprocessing = 0;
		};
		675583FB2B767D130017B658 /* Sources */ = {
			isa = PBXSourcesBuildPhase;
			buildActionMask = 2147483647;
			files = (
				678418B02C088DD900EBD967 /* XCTestCase+FeedStoreSpecs.swift in Sources */,
				6785BCDE2BD7DA6B0019D2F5 /* CacheFeedUserCaseTests.swift in Sources */,
				678418B92C08AA8A00EBD967 /* CoreDataFeedStoreTests.swift in Sources */,
				678418B22C0893A200EBD967 /* XCTestCase+FailableRetrieveFeedStoreSpecs.swift in Sources */,
				678B731C2B79DBAF0015E40D /* LoadFeedFromRemoteUseCaseTests.swift in Sources */,
				67660CA62BFCFFE90005F569 /* SharedTestHelpers.swift in Sources */,
				675CA4B22B9834E4003E4591 /* XCTestCase+MemoryLeakTracking.swift in Sources */,
				675F014F2B8F91EE00E0A2C8 /* URLSessionHTTPClientTests.swift in Sources */,
				67660CA42BFCFEBF0005F569 /* FeedCacheTestHelpers.swift in Sources */,
				67660CA02BFC60F20005F569 /* ValidateFeedCacheUseCaseTests.swift in Sources */,
				6775D5802BEB534400C98E08 /* FeedStoreSpy.swift in Sources */,
				6775D57D2BEB515300C98E08 /* LoadFeedFromCacheUseCaseTests.swift in Sources */,
				678418BE2C08AF6700EBD967 /* CoreDataFeedStore.xcdatamodeld in Sources */,
				678418B62C08961400EBD967 /* XCTestCase+FailableDeleteFeedStoreSpecs.swift in Sources */,
				678418AE2C08461500EBD967 /* FeedStoreSpecs.swift in Sources */,
				675584052B767D130017B658 /* AE_FeedTests.swift in Sources */,
				678418B42C0894C000EBD967 /* XCTestCase+FailableInsertFeedStoreSpecs.swift in Sources */,
			);
			runOnlyForDeploymentPostprocessing = 0;
		};
		676BCDFA2B9DC18D007136BB /* Sources */ = {
			isa = PBXSourcesBuildPhase;
			buildActionMask = 2147483647;
			files = (
				676BCE012B9DC18D007136BB /* AE_FeedAPIEndToEndTests.swift in Sources */,
				676BCE082B9DCF96007136BB /* XCTestCase+MemoryLeakTracking.swift in Sources */,
			);
			runOnlyForDeploymentPostprocessing = 0;
		};
		67AB24DC2C3E961500A53A3F /* Sources */ = {
			isa = PBXSourcesBuildPhase;
			buildActionMask = 2147483647;
			files = (
				67DD83C82C7D898300399443 /* FeedViewModel.swift in Sources */,
				67DD83B72C7C779000399443 /* FeedImageCell.swift in Sources */,
				67DD83B92C7C77B000399443 /* FeedRefreshViewController.swift in Sources */,
				67DD83BA2C7C77CD00399443 /* UIView+Shimmering.swift in Sources */,
				67AB24E42C3E961500A53A3F /* AEFeediOS.docc in Sources */,
			);
			runOnlyForDeploymentPostprocessing = 0;
		};
		67AB24E52C3E961600A53A3F /* Sources */ = {
			isa = PBXSourcesBuildPhase;
			buildActionMask = 2147483647;
			files = (
				67DD83BE2C7C8A9300399443 /* FeedRefreshViewController.swift in Sources */,
				67DD83BB2C7C8A5A00399443 /* FeedImageCell.swift in Sources */,
				67DD83B12C7C6E6D00399443 /* FeedViewControllerTests+Assertions.swift in Sources */,
				67DD83BF2C7C8A9700399443 /* FeedImageCellController.swift in Sources */,
				67DD83A92C7C687B00399443 /* UIControl+TestHelpers.swift in Sources */,
				67DA42512C41288D00437481 /* FeedViewControllerTests.swift in Sources */,
				67DD83C02C7C8A9A00399443 /* UIView+Shimmering.swift in Sources */,
				67DD83A52C7C674E00399443 /* UIRefreshControl+TestHelpers.swift in Sources */,
				67DD83C52C7C8E6100399443 /* FeedImageDataLoader.swift in Sources */,
				67DD83A72C7C67FB00399443 /* UIButton+TestHelpers.swift in Sources */,
				67DD83C42C7C8E4000399443 /* FeedUIComposer.swift in Sources */,
				67DD83A22C7C62DD00399443 /* UIImage+TestHelpers.swift in Sources */,
				67DD83AB2C7C6C9A00399443 /* FeedViewController+TestHelpers.swift in Sources */,
				67DD83AD2C7C6D5A00399443 /* FeedImageCell+TestHelpers.swift in Sources */,
				67B428E52C7EEEAB00E6E340 /* FeedImageViewModel.swift in Sources */,
				67DD83AF2C7C6DAF00399443 /* FeedViewControllerTests+LoaderSpy.swift in Sources */,
				67DD83BD2C7C8A9000399443 /* FeedViewController.swift in Sources */,
				67AB24FF2C4112F600A53A3F /* XCTestCase+MemoryLeakTracking.swift in Sources */,
			);
			runOnlyForDeploymentPostprocessing = 0;
		};
		67AE78B32C0ED57400AA0D2C /* Sources */ = {
			isa = PBXSourcesBuildPhase;
			buildActionMask = 2147483647;
			files = (
				67AE78C52C11803D00AA0D2C /* FeedCacheTestHelpers.swift in Sources */,
				67AE78BA2C0ED57400AA0D2C /* AE_FeedCacheIntegrationTests.swift in Sources */,
				67AE78C22C0EDCD000AA0D2C /* XCTestCase+MemoryLeakTracking.swift in Sources */,
				67AE78C42C11803A00AA0D2C /* SharedTestHelpers.swift in Sources */,
			);
			runOnlyForDeploymentPostprocessing = 0;
		};
/* End PBXSourcesBuildPhase section */

/* Begin PBXTargetDependency section */
		675584022B767D130017B658 /* PBXTargetDependency */ = {
			isa = PBXTargetDependency;
			target = 675583F42B767D120017B658 /* AE-Feed */;
			targetProxy = 675584012B767D130017B658 /* PBXContainerItemProxy */;
		};
		676BCE042B9DC18D007136BB /* PBXTargetDependency */ = {
			isa = PBXTargetDependency;
			target = 675583F42B767D120017B658 /* AE-Feed */;
			targetProxy = 676BCE032B9DC18D007136BB /* PBXContainerItemProxy */;
		};
		67AB24EC2C3E961700A53A3F /* PBXTargetDependency */ = {
			isa = PBXTargetDependency;
			target = 67AB24DF2C3E961500A53A3F /* AEFeediOS */;
			targetProxy = 67AB24EB2C3E961700A53A3F /* PBXContainerItemProxy */;
		};
		67AE78BD2C0ED57400AA0D2C /* PBXTargetDependency */ = {
			isa = PBXTargetDependency;
			target = 675583F42B767D120017B658 /* AE-Feed */;
			targetProxy = 67AE78BC2C0ED57400AA0D2C /* PBXContainerItemProxy */;
		};
/* End PBXTargetDependency section */

/* Begin XCBuildConfiguration section */
		675584072B767D130017B658 /* Debug */ = {
			isa = XCBuildConfiguration;
			buildSettings = {
				ALWAYS_SEARCH_USER_PATHS = NO;
				ASSETCATALOG_COMPILER_GENERATE_SWIFT_ASSET_SYMBOL_EXTENSIONS = YES;
				BUILD_LIBRARY_FOR_DISTRIBUTION = YES;
				CLANG_ANALYZER_NONNULL = YES;
				CLANG_ANALYZER_NUMBER_OBJECT_CONVERSION = YES_AGGRESSIVE;
				CLANG_CXX_LANGUAGE_STANDARD = "gnu++20";
				CLANG_ENABLE_MODULES = YES;
				CLANG_ENABLE_OBJC_ARC = YES;
				CLANG_ENABLE_OBJC_WEAK = YES;
				CLANG_WARN_BLOCK_CAPTURE_AUTORELEASING = YES;
				CLANG_WARN_BOOL_CONVERSION = YES;
				CLANG_WARN_COMMA = YES;
				CLANG_WARN_CONSTANT_CONVERSION = YES;
				CLANG_WARN_DEPRECATED_OBJC_IMPLEMENTATIONS = YES;
				CLANG_WARN_DIRECT_OBJC_ISA_USAGE = YES_ERROR;
				CLANG_WARN_DOCUMENTATION_COMMENTS = YES;
				CLANG_WARN_EMPTY_BODY = YES;
				CLANG_WARN_ENUM_CONVERSION = YES;
				CLANG_WARN_INFINITE_RECURSION = YES;
				CLANG_WARN_INT_CONVERSION = YES;
				CLANG_WARN_NON_LITERAL_NULL_CONVERSION = YES;
				CLANG_WARN_OBJC_IMPLICIT_RETAIN_SELF = YES;
				CLANG_WARN_OBJC_LITERAL_CONVERSION = YES;
				CLANG_WARN_OBJC_ROOT_CLASS = YES_ERROR;
				CLANG_WARN_QUOTED_INCLUDE_IN_FRAMEWORK_HEADER = YES;
				CLANG_WARN_RANGE_LOOP_ANALYSIS = YES;
				CLANG_WARN_STRICT_PROTOTYPES = YES;
				CLANG_WARN_SUSPICIOUS_MOVE = YES;
				CLANG_WARN_UNGUARDED_AVAILABILITY = YES_AGGRESSIVE;
				CLANG_WARN_UNREACHABLE_CODE = YES;
				CLANG_WARN__DUPLICATE_METHOD_MATCH = YES;
				COPY_PHASE_STRIP = NO;
				CURRENT_PROJECT_VERSION = 1;
				DEAD_CODE_STRIPPING = YES;
				DEBUG_INFORMATION_FORMAT = dwarf;
				ENABLE_STRICT_OBJC_MSGSEND = YES;
				ENABLE_TESTABILITY = YES;
				ENABLE_USER_SCRIPT_SANDBOXING = YES;
				GCC_C_LANGUAGE_STANDARD = gnu17;
				GCC_DYNAMIC_NO_PIC = NO;
				GCC_NO_COMMON_BLOCKS = YES;
				GCC_OPTIMIZATION_LEVEL = 0;
				GCC_PREPROCESSOR_DEFINITIONS = (
					"DEBUG=1",
					"$(inherited)",
				);
				GCC_WARN_64_TO_32_BIT_CONVERSION = YES;
				GCC_WARN_ABOUT_RETURN_TYPE = YES_ERROR;
				GCC_WARN_UNDECLARED_SELECTOR = YES;
				GCC_WARN_UNINITIALIZED_AUTOS = YES_AGGRESSIVE;
				GCC_WARN_UNUSED_FUNCTION = YES;
				GCC_WARN_UNUSED_VARIABLE = YES;
				LOCALIZATION_PREFERS_STRING_CATALOGS = YES;
				MACOSX_DEPLOYMENT_TARGET = 13.6;
				MTL_ENABLE_DEBUG_INFO = INCLUDE_SOURCE;
				MTL_FAST_MATH = YES;
				ONLY_ACTIVE_ARCH = YES;
				SDKROOT = macosx;
				SWIFT_ACTIVE_COMPILATION_CONDITIONS = "DEBUG $(inherited)";
				SWIFT_OPTIMIZATION_LEVEL = "-Onone";
				VERSIONING_SYSTEM = "apple-generic";
				VERSION_INFO_PREFIX = "";
			};
			name = Debug;
		};
		675584082B767D130017B658 /* Release */ = {
			isa = XCBuildConfiguration;
			buildSettings = {
				ALWAYS_SEARCH_USER_PATHS = NO;
				ASSETCATALOG_COMPILER_GENERATE_SWIFT_ASSET_SYMBOL_EXTENSIONS = YES;
				BUILD_LIBRARY_FOR_DISTRIBUTION = YES;
				CLANG_ANALYZER_NONNULL = YES;
				CLANG_ANALYZER_NUMBER_OBJECT_CONVERSION = YES_AGGRESSIVE;
				CLANG_CXX_LANGUAGE_STANDARD = "gnu++20";
				CLANG_ENABLE_MODULES = YES;
				CLANG_ENABLE_OBJC_ARC = YES;
				CLANG_ENABLE_OBJC_WEAK = YES;
				CLANG_WARN_BLOCK_CAPTURE_AUTORELEASING = YES;
				CLANG_WARN_BOOL_CONVERSION = YES;
				CLANG_WARN_COMMA = YES;
				CLANG_WARN_CONSTANT_CONVERSION = YES;
				CLANG_WARN_DEPRECATED_OBJC_IMPLEMENTATIONS = YES;
				CLANG_WARN_DIRECT_OBJC_ISA_USAGE = YES_ERROR;
				CLANG_WARN_DOCUMENTATION_COMMENTS = YES;
				CLANG_WARN_EMPTY_BODY = YES;
				CLANG_WARN_ENUM_CONVERSION = YES;
				CLANG_WARN_INFINITE_RECURSION = YES;
				CLANG_WARN_INT_CONVERSION = YES;
				CLANG_WARN_NON_LITERAL_NULL_CONVERSION = YES;
				CLANG_WARN_OBJC_IMPLICIT_RETAIN_SELF = YES;
				CLANG_WARN_OBJC_LITERAL_CONVERSION = YES;
				CLANG_WARN_OBJC_ROOT_CLASS = YES_ERROR;
				CLANG_WARN_QUOTED_INCLUDE_IN_FRAMEWORK_HEADER = YES;
				CLANG_WARN_RANGE_LOOP_ANALYSIS = YES;
				CLANG_WARN_STRICT_PROTOTYPES = YES;
				CLANG_WARN_SUSPICIOUS_MOVE = YES;
				CLANG_WARN_UNGUARDED_AVAILABILITY = YES_AGGRESSIVE;
				CLANG_WARN_UNREACHABLE_CODE = YES;
				CLANG_WARN__DUPLICATE_METHOD_MATCH = YES;
				COPY_PHASE_STRIP = NO;
				CURRENT_PROJECT_VERSION = 1;
				DEAD_CODE_STRIPPING = YES;
				DEBUG_INFORMATION_FORMAT = "dwarf-with-dsym";
				ENABLE_NS_ASSERTIONS = NO;
				ENABLE_STRICT_OBJC_MSGSEND = YES;
				ENABLE_USER_SCRIPT_SANDBOXING = YES;
				GCC_C_LANGUAGE_STANDARD = gnu17;
				GCC_NO_COMMON_BLOCKS = YES;
				GCC_WARN_64_TO_32_BIT_CONVERSION = YES;
				GCC_WARN_ABOUT_RETURN_TYPE = YES_ERROR;
				GCC_WARN_UNDECLARED_SELECTOR = YES;
				GCC_WARN_UNINITIALIZED_AUTOS = YES_AGGRESSIVE;
				GCC_WARN_UNUSED_FUNCTION = YES;
				GCC_WARN_UNUSED_VARIABLE = YES;
				LOCALIZATION_PREFERS_STRING_CATALOGS = YES;
				MACOSX_DEPLOYMENT_TARGET = 13.6;
				MTL_ENABLE_DEBUG_INFO = NO;
				MTL_FAST_MATH = YES;
				SDKROOT = macosx;
				SWIFT_COMPILATION_MODE = wholemodule;
				VERSIONING_SYSTEM = "apple-generic";
				VERSION_INFO_PREFIX = "";
			};
			name = Release;
		};
		6755840A2B767D130017B658 /* Debug */ = {
			isa = XCBuildConfiguration;
			buildSettings = {
				CODE_SIGN_IDENTITY = "";
				CODE_SIGN_STYLE = Automatic;
				COMBINE_HIDPI_IMAGES = YES;
				CURRENT_PROJECT_VERSION = 1;
				DEAD_CODE_STRIPPING = YES;
				DEFINES_MODULE = YES;
				DEVELOPMENT_TEAM = 79X737MFXF;
				DYLIB_COMPATIBILITY_VERSION = 1;
				DYLIB_CURRENT_VERSION = 1;
				DYLIB_INSTALL_NAME_BASE = "@rpath";
				ENABLE_MODULE_VERIFIER = YES;
				GENERATE_INFOPLIST_FILE = YES;
				INFOPLIST_KEY_NSHumanReadableCopyright = "";
				INSTALL_PATH = "$(LOCAL_LIBRARY_DIR)/Frameworks";
				LD_RUNPATH_SEARCH_PATHS = (
					"$(inherited)",
					"@executable_path/../Frameworks",
					"@loader_path/Frameworks",
				);
				MACOSX_DEPLOYMENT_TARGET = 12.4;
				MARKETING_VERSION = 1.0;
				MODULE_VERIFIER_SUPPORTED_LANGUAGES = "objective-c objective-c++";
				MODULE_VERIFIER_SUPPORTED_LANGUAGE_STANDARDS = "gnu17 gnu++20";
				PRODUCT_BUNDLE_IDENTIFIER = "com.archanaDev.AE-Feed";
				PRODUCT_NAME = "$(TARGET_NAME:c99extidentifier)";
				SKIP_INSTALL = YES;
				SUPPORTED_PLATFORMS = "macosx iphonesimulator iphoneos";
				SWIFT_EMIT_LOC_STRINGS = YES;
				SWIFT_VERSION = 5.0;
			};
			name = Debug;
		};
		6755840B2B767D130017B658 /* Release */ = {
			isa = XCBuildConfiguration;
			buildSettings = {
				CODE_SIGN_IDENTITY = "";
				CODE_SIGN_STYLE = Automatic;
				COMBINE_HIDPI_IMAGES = YES;
				CURRENT_PROJECT_VERSION = 1;
				DEAD_CODE_STRIPPING = YES;
				DEFINES_MODULE = YES;
				DEVELOPMENT_TEAM = 79X737MFXF;
				DYLIB_COMPATIBILITY_VERSION = 1;
				DYLIB_CURRENT_VERSION = 1;
				DYLIB_INSTALL_NAME_BASE = "@rpath";
				ENABLE_MODULE_VERIFIER = YES;
				GENERATE_INFOPLIST_FILE = YES;
				INFOPLIST_KEY_NSHumanReadableCopyright = "";
				INSTALL_PATH = "$(LOCAL_LIBRARY_DIR)/Frameworks";
				LD_RUNPATH_SEARCH_PATHS = (
					"$(inherited)",
					"@executable_path/../Frameworks",
					"@loader_path/Frameworks",
				);
				MACOSX_DEPLOYMENT_TARGET = 12.4;
				MARKETING_VERSION = 1.0;
				MODULE_VERIFIER_SUPPORTED_LANGUAGES = "objective-c objective-c++";
				MODULE_VERIFIER_SUPPORTED_LANGUAGE_STANDARDS = "gnu17 gnu++20";
				PRODUCT_BUNDLE_IDENTIFIER = "com.archanaDev.AE-Feed";
				PRODUCT_NAME = "$(TARGET_NAME:c99extidentifier)";
				SKIP_INSTALL = YES;
				SUPPORTED_PLATFORMS = "macosx iphonesimulator iphoneos";
				SWIFT_EMIT_LOC_STRINGS = YES;
				SWIFT_VERSION = 5.0;
			};
			name = Release;
		};
		6755840D2B767D130017B658 /* Debug */ = {
			isa = XCBuildConfiguration;
			buildSettings = {
				ALWAYS_EMBED_SWIFT_STANDARD_LIBRARIES = YES;
				CODE_SIGN_STYLE = Automatic;
				CURRENT_PROJECT_VERSION = 1;
				DEAD_CODE_STRIPPING = YES;
				DEVELOPMENT_TEAM = 79X737MFXF;
				GENERATE_INFOPLIST_FILE = YES;
				MACOSX_DEPLOYMENT_TARGET = 12.4;
				MARKETING_VERSION = 1.0;
				PRODUCT_BUNDLE_IDENTIFIER = "com.archanaDev.AE-FeedTests";
				PRODUCT_NAME = "$(TARGET_NAME)";
				SUPPORTED_PLATFORMS = "macosx iphonesimulator iphoneos";
				SWIFT_EMIT_LOC_STRINGS = NO;
				SWIFT_VERSION = 5.0;
			};
			name = Debug;
		};
		6755840E2B767D130017B658 /* Release */ = {
			isa = XCBuildConfiguration;
			buildSettings = {
				ALWAYS_EMBED_SWIFT_STANDARD_LIBRARIES = YES;
				CODE_SIGN_STYLE = Automatic;
				CURRENT_PROJECT_VERSION = 1;
				DEAD_CODE_STRIPPING = YES;
				DEVELOPMENT_TEAM = 79X737MFXF;
				GENERATE_INFOPLIST_FILE = YES;
				MACOSX_DEPLOYMENT_TARGET = 12.4;
				MARKETING_VERSION = 1.0;
				PRODUCT_BUNDLE_IDENTIFIER = "com.archanaDev.AE-FeedTests";
				PRODUCT_NAME = "$(TARGET_NAME)";
				SUPPORTED_PLATFORMS = "macosx iphonesimulator iphoneos";
				SWIFT_EMIT_LOC_STRINGS = NO;
				SWIFT_VERSION = 5.0;
			};
			name = Release;
		};
		676BCE062B9DC18D007136BB /* Debug */ = {
			isa = XCBuildConfiguration;
			buildSettings = {
				CODE_SIGN_STYLE = Automatic;
				CURRENT_PROJECT_VERSION = 1;
				DEAD_CODE_STRIPPING = YES;
				DEVELOPMENT_TEAM = 79X737MFXF;
				GENERATE_INFOPLIST_FILE = YES;
				MACOSX_DEPLOYMENT_TARGET = 12.4;
				MARKETING_VERSION = 1.0;
				PRODUCT_BUNDLE_IDENTIFIER = "com.archanaDev.AE-FeedAPIEndToEndTests";
				PRODUCT_NAME = "$(TARGET_NAME)";
				SUPPORTED_PLATFORMS = "macosx iphoneos iphonesimulator";
				SWIFT_EMIT_LOC_STRINGS = NO;
				SWIFT_VERSION = 5.0;
			};
			name = Debug;
		};
		676BCE072B9DC18D007136BB /* Release */ = {
			isa = XCBuildConfiguration;
			buildSettings = {
				CODE_SIGN_STYLE = Automatic;
				CURRENT_PROJECT_VERSION = 1;
				DEAD_CODE_STRIPPING = YES;
				DEVELOPMENT_TEAM = 79X737MFXF;
				GENERATE_INFOPLIST_FILE = YES;
				MACOSX_DEPLOYMENT_TARGET = 12.4;
				MARKETING_VERSION = 1.0;
				PRODUCT_BUNDLE_IDENTIFIER = "com.archanaDev.AE-FeedAPIEndToEndTests";
				PRODUCT_NAME = "$(TARGET_NAME)";
				SUPPORTED_PLATFORMS = "macosx iphoneos iphonesimulator";
				SWIFT_EMIT_LOC_STRINGS = NO;
				SWIFT_VERSION = 5.0;
			};
			name = Release;
		};
		67AB24F22C3E961700A53A3F /* Debug */ = {
			isa = XCBuildConfiguration;
			buildSettings = {
				BUILD_LIBRARY_FOR_DISTRIBUTION = YES;
				CODE_SIGN_STYLE = Automatic;
				CURRENT_PROJECT_VERSION = 1;
				DEFINES_MODULE = YES;
				DEVELOPMENT_TEAM = 79X737MFXF;
				DYLIB_COMPATIBILITY_VERSION = 1;
				DYLIB_CURRENT_VERSION = 1;
				DYLIB_INSTALL_NAME_BASE = "@rpath";
				ENABLE_MODULE_VERIFIER = YES;
				GENERATE_INFOPLIST_FILE = YES;
				INFOPLIST_KEY_NSHumanReadableCopyright = "";
				INSTALL_PATH = "$(LOCAL_LIBRARY_DIR)/Frameworks";
				IPHONEOS_DEPLOYMENT_TARGET = 17.4;
				LD_RUNPATH_SEARCH_PATHS = (
					"$(inherited)",
					"@executable_path/Frameworks",
					"@loader_path/Frameworks",
				);
				MARKETING_VERSION = 1.0;
				MODULE_VERIFIER_SUPPORTED_LANGUAGES = "objective-c objective-c++";
				MODULE_VERIFIER_SUPPORTED_LANGUAGE_STANDARDS = "gnu17 gnu++20";
				PRODUCT_BUNDLE_IDENTIFIER = com.archanaDev.AEFeediOS;
				PRODUCT_NAME = "$(TARGET_NAME:c99extidentifier)";
				SDKROOT = iphoneos;
				SKIP_INSTALL = YES;
				SWIFT_EMIT_LOC_STRINGS = YES;
				SWIFT_INSTALL_OBJC_HEADER = NO;
				SWIFT_VERSION = 5.0;
				TARGETED_DEVICE_FAMILY = "1,2";
			};
			name = Debug;
		};
		67AB24F32C3E961700A53A3F /* Release */ = {
			isa = XCBuildConfiguration;
			buildSettings = {
				BUILD_LIBRARY_FOR_DISTRIBUTION = YES;
				CODE_SIGN_STYLE = Automatic;
				CURRENT_PROJECT_VERSION = 1;
				DEFINES_MODULE = YES;
				DEVELOPMENT_TEAM = 79X737MFXF;
				DYLIB_COMPATIBILITY_VERSION = 1;
				DYLIB_CURRENT_VERSION = 1;
				DYLIB_INSTALL_NAME_BASE = "@rpath";
				ENABLE_MODULE_VERIFIER = YES;
				GENERATE_INFOPLIST_FILE = YES;
				INFOPLIST_KEY_NSHumanReadableCopyright = "";
				INSTALL_PATH = "$(LOCAL_LIBRARY_DIR)/Frameworks";
				IPHONEOS_DEPLOYMENT_TARGET = 17.4;
				LD_RUNPATH_SEARCH_PATHS = (
					"$(inherited)",
					"@executable_path/Frameworks",
					"@loader_path/Frameworks",
				);
				MARKETING_VERSION = 1.0;
				MODULE_VERIFIER_SUPPORTED_LANGUAGES = "objective-c objective-c++";
				MODULE_VERIFIER_SUPPORTED_LANGUAGE_STANDARDS = "gnu17 gnu++20";
				PRODUCT_BUNDLE_IDENTIFIER = com.archanaDev.AEFeediOS;
				PRODUCT_NAME = "$(TARGET_NAME:c99extidentifier)";
				SDKROOT = iphoneos;
				SKIP_INSTALL = YES;
				SWIFT_EMIT_LOC_STRINGS = YES;
				SWIFT_INSTALL_OBJC_HEADER = NO;
				SWIFT_VERSION = 5.0;
				TARGETED_DEVICE_FAMILY = "1,2";
				VALIDATE_PRODUCT = YES;
			};
			name = Release;
		};
		67AB24F52C3E961700A53A3F /* Debug */ = {
			isa = XCBuildConfiguration;
			buildSettings = {
				ALWAYS_EMBED_SWIFT_STANDARD_LIBRARIES = YES;
				CLANG_ENABLE_MODULES = YES;
				CODE_SIGN_STYLE = Automatic;
				CURRENT_PROJECT_VERSION = 1;
				DEVELOPMENT_TEAM = 79X737MFXF;
				GENERATE_INFOPLIST_FILE = YES;
				IPHONEOS_DEPLOYMENT_TARGET = 17.4;
				MARKETING_VERSION = 1.0;
				PRODUCT_BUNDLE_IDENTIFIER = com.archanaDev.AEFeediOSTests;
				PRODUCT_NAME = "$(TARGET_NAME)";
				SDKROOT = iphoneos;
				SWIFT_EMIT_LOC_STRINGS = NO;
				SWIFT_OPTIMIZATION_LEVEL = "-Onone";
				SWIFT_VERSION = 5.0;
				TARGETED_DEVICE_FAMILY = "1,2";
			};
			name = Debug;
		};
		67AB24F62C3E961700A53A3F /* Release */ = {
			isa = XCBuildConfiguration;
			buildSettings = {
				ALWAYS_EMBED_SWIFT_STANDARD_LIBRARIES = YES;
				CLANG_ENABLE_MODULES = YES;
				CODE_SIGN_STYLE = Automatic;
				CURRENT_PROJECT_VERSION = 1;
				DEVELOPMENT_TEAM = 79X737MFXF;
				GENERATE_INFOPLIST_FILE = YES;
				IPHONEOS_DEPLOYMENT_TARGET = 17.4;
				MARKETING_VERSION = 1.0;
				PRODUCT_BUNDLE_IDENTIFIER = com.archanaDev.AEFeediOSTests;
				PRODUCT_NAME = "$(TARGET_NAME)";
				SDKROOT = iphoneos;
				SWIFT_EMIT_LOC_STRINGS = NO;
				SWIFT_VERSION = 5.0;
				TARGETED_DEVICE_FAMILY = "1,2";
				VALIDATE_PRODUCT = YES;
			};
			name = Release;
		};
		67AE78BE2C0ED57400AA0D2C /* Debug */ = {
			isa = XCBuildConfiguration;
			buildSettings = {
				CODE_SIGN_STYLE = Automatic;
				CURRENT_PROJECT_VERSION = 1;
				DEVELOPMENT_TEAM = 79X737MFXF;
				GENERATE_INFOPLIST_FILE = YES;
				MACOSX_DEPLOYMENT_TARGET = 14.4;
				MARKETING_VERSION = 1.0;
				PRODUCT_BUNDLE_IDENTIFIER = "com.archanaDev.AE-FeedCacheIntegrationTests";
				PRODUCT_NAME = "$(TARGET_NAME)";
				SUPPORTED_PLATFORMS = "macosx iphonesimulator iphoneos";
				SWIFT_EMIT_LOC_STRINGS = NO;
				SWIFT_VERSION = 5.0;
			};
			name = Debug;
		};
		67AE78BF2C0ED57400AA0D2C /* Release */ = {
			isa = XCBuildConfiguration;
			buildSettings = {
				CODE_SIGN_STYLE = Automatic;
				CURRENT_PROJECT_VERSION = 1;
				DEVELOPMENT_TEAM = 79X737MFXF;
				GENERATE_INFOPLIST_FILE = YES;
				MACOSX_DEPLOYMENT_TARGET = 14.4;
				MARKETING_VERSION = 1.0;
				PRODUCT_BUNDLE_IDENTIFIER = "com.archanaDev.AE-FeedCacheIntegrationTests";
				PRODUCT_NAME = "$(TARGET_NAME)";
				SUPPORTED_PLATFORMS = "macosx iphonesimulator iphoneos";
				SWIFT_EMIT_LOC_STRINGS = NO;
				SWIFT_VERSION = 5.0;
			};
			name = Release;
		};
/* End XCBuildConfiguration section */

/* Begin XCConfigurationList section */
		675583EF2B767D120017B658 /* Build configuration list for PBXProject "AE-Feed" */ = {
			isa = XCConfigurationList;
			buildConfigurations = (
				675584072B767D130017B658 /* Debug */,
				675584082B767D130017B658 /* Release */,
			);
			defaultConfigurationIsVisible = 0;
			defaultConfigurationName = Release;
		};
		675584092B767D130017B658 /* Build configuration list for PBXNativeTarget "AE-Feed" */ = {
			isa = XCConfigurationList;
			buildConfigurations = (
				6755840A2B767D130017B658 /* Debug */,
				6755840B2B767D130017B658 /* Release */,
			);
			defaultConfigurationIsVisible = 0;
			defaultConfigurationName = Release;
		};
		6755840C2B767D130017B658 /* Build configuration list for PBXNativeTarget "AE-FeedTests" */ = {
			isa = XCConfigurationList;
			buildConfigurations = (
				6755840D2B767D130017B658 /* Debug */,
				6755840E2B767D130017B658 /* Release */,
			);
			defaultConfigurationIsVisible = 0;
			defaultConfigurationName = Release;
		};
		676BCE052B9DC18D007136BB /* Build configuration list for PBXNativeTarget "AE_FeedAPIEndToEndTests" */ = {
			isa = XCConfigurationList;
			buildConfigurations = (
				676BCE062B9DC18D007136BB /* Debug */,
				676BCE072B9DC18D007136BB /* Release */,
			);
			defaultConfigurationIsVisible = 0;
			defaultConfigurationName = Release;
		};
		67AB24F12C3E961700A53A3F /* Build configuration list for PBXNativeTarget "AEFeediOS" */ = {
			isa = XCConfigurationList;
			buildConfigurations = (
				67AB24F22C3E961700A53A3F /* Debug */,
				67AB24F32C3E961700A53A3F /* Release */,
			);
			defaultConfigurationIsVisible = 0;
			defaultConfigurationName = Release;
		};
		67AB24F42C3E961700A53A3F /* Build configuration list for PBXNativeTarget "AEFeediOSTests" */ = {
			isa = XCConfigurationList;
			buildConfigurations = (
				67AB24F52C3E961700A53A3F /* Debug */,
				67AB24F62C3E961700A53A3F /* Release */,
			);
			defaultConfigurationIsVisible = 0;
			defaultConfigurationName = Release;
		};
		67AE78C02C0ED57400AA0D2C /* Build configuration list for PBXNativeTarget "AE_FeedCacheIntegrationTests" */ = {
			isa = XCConfigurationList;
			buildConfigurations = (
				67AE78BE2C0ED57400AA0D2C /* Debug */,
				67AE78BF2C0ED57400AA0D2C /* Release */,
			);
			defaultConfigurationIsVisible = 0;
			defaultConfigurationName = Release;
		};
/* End XCConfigurationList section */

/* Begin XCVersionGroup section */
		678418BC2C08AF6700EBD967 /* CoreDataFeedStore.xcdatamodeld */ = {
			isa = XCVersionGroup;
			children = (
				678418BD2C08AF6700EBD967 /* CoreDataFeedStore.xcdatamodel */,
			);
			currentVersion = 678418BD2C08AF6700EBD967 /* CoreDataFeedStore.xcdatamodel */;
			path = CoreDataFeedStore.xcdatamodeld;
			sourceTree = "<group>";
			versionGroupType = wrapper.xcdatamodel;
		};
/* End XCVersionGroup section */
	};
	rootObject = 675583EC2B767D120017B658 /* Project object */;
}
