// !$*UTF8*$!
{
	archiveVersion = 1;
	classes = {
	};
	objectVersion = 56;
	objects = {

/* Begin PBXBuildFile section */
		675583FA2B767D120017B658 /* AE_Feed.docc in Sources */ = {isa = PBXBuildFile; fileRef = 675583F92B767D120017B658 /* AE_Feed.docc */; };
		675584002B767D130017B658 /* AE_Feed.framework in Frameworks */ = {isa = PBXBuildFile; fileRef = 675583F52B767D120017B658 /* AE_Feed.framework */; };
		675584052B767D130017B658 /* AE_FeedTests.swift in Sources */ = {isa = PBXBuildFile; fileRef = 675584042B767D130017B658 /* AE_FeedTests.swift */; };
		675584062B767D130017B658 /* AE_Feed.h in Headers */ = {isa = PBXBuildFile; fileRef = 675583F82B767D120017B658 /* AE_Feed.h */; settings = {ATTRIBUTES = (Public, ); }; };
		675584102B767D4F0017B658 /* FeedItem.swift in Sources */ = {isa = PBXBuildFile; fileRef = 6755840F2B767D4F0017B658 /* FeedItem.swift */; };
		675584122B767DB90017B658 /* FeedLoader.swift in Sources */ = {isa = PBXBuildFile; fileRef = 675584112B767DB90017B658 /* FeedLoader.swift */; };
		675CA4B22B9834E4003E4591 /* XCTestCase+MemoryLeakTracking.swift in Sources */ = {isa = PBXBuildFile; fileRef = 675CA4B12B9834E4003E4591 /* XCTestCase+MemoryLeakTracking.swift */; };
		675F014F2B8F91EE00E0A2C8 /* URLSessionHTTPClientTests.swift in Sources */ = {isa = PBXBuildFile; fileRef = 675F014E2B8F91EE00E0A2C8 /* URLSessionHTTPClientTests.swift */; };
		676BCDF32B9C98F8007136BB /* URLSessionHTTPClient.swift in Sources */ = {isa = PBXBuildFile; fileRef = 676BCDF22B9C98F8007136BB /* URLSessionHTTPClient.swift */; };
		678A183C2B83BFE7009FE00D /* HTTPClient.swift in Sources */ = {isa = PBXBuildFile; fileRef = 678A183B2B83BFE7009FE00D /* HTTPClient.swift */; };
		678A183E2B83C039009FE00D /* FeedItemMapper.swift in Sources */ = {isa = PBXBuildFile; fileRef = 678A183D2B83C039009FE00D /* FeedItemMapper.swift */; };
		678B731A2B79DA590015E40D /* RemoteFeedLoader.swift in Sources */ = {isa = PBXBuildFile; fileRef = 678B73192B79DA590015E40D /* RemoteFeedLoader.swift */; };
		678B731C2B79DBAF0015E40D /* RemoteFeedLoaderTests.swift in Sources */ = {isa = PBXBuildFile; fileRef = 678B731B2B79DBAF0015E40D /* RemoteFeedLoaderTests.swift */; };
/* End PBXBuildFile section */

/* Begin PBXContainerItemProxy section */
		675584012B767D130017B658 /* PBXContainerItemProxy */ = {
			isa = PBXContainerItemProxy;
			containerPortal = 675583EC2B767D120017B658 /* Project object */;
			proxyType = 1;
			remoteGlobalIDString = 675583F42B767D120017B658;
			remoteInfo = "AE-Feed";
		};
/* End PBXContainerItemProxy section */

/* Begin PBXFileReference section */
		675583F52B767D120017B658 /* AE_Feed.framework */ = {isa = PBXFileReference; explicitFileType = wrapper.framework; includeInIndex = 0; path = AE_Feed.framework; sourceTree = BUILT_PRODUCTS_DIR; };
		675583F82B767D120017B658 /* AE_Feed.h */ = {isa = PBXFileReference; lastKnownFileType = sourcecode.c.h; path = AE_Feed.h; sourceTree = "<group>"; };
		675583F92B767D120017B658 /* AE_Feed.docc */ = {isa = PBXFileReference; lastKnownFileType = folder.documentationcatalog; path = AE_Feed.docc; sourceTree = "<group>"; };
		675583FF2B767D130017B658 /* AE-FeedTests.xctest */ = {isa = PBXFileReference; explicitFileType = wrapper.cfbundle; includeInIndex = 0; path = "AE-FeedTests.xctest"; sourceTree = BUILT_PRODUCTS_DIR; };
		675584042B767D130017B658 /* AE_FeedTests.swift */ = {isa = PBXFileReference; lastKnownFileType = sourcecode.swift; path = AE_FeedTests.swift; sourceTree = "<group>"; };
		6755840F2B767D4F0017B658 /* FeedItem.swift */ = {isa = PBXFileReference; lastKnownFileType = sourcecode.swift; path = FeedItem.swift; sourceTree = "<group>"; };
		675584112B767DB90017B658 /* FeedLoader.swift */ = {isa = PBXFileReference; lastKnownFileType = sourcecode.swift; path = FeedLoader.swift; sourceTree = "<group>"; };
		675CA4B12B9834E4003E4591 /* XCTestCase+MemoryLeakTracking.swift */ = {isa = PBXFileReference; lastKnownFileType = sourcecode.swift; path = "XCTestCase+MemoryLeakTracking.swift"; sourceTree = "<group>"; };
		675F014E2B8F91EE00E0A2C8 /* URLSessionHTTPClientTests.swift */ = {isa = PBXFileReference; lastKnownFileType = sourcecode.swift; path = URLSessionHTTPClientTests.swift; sourceTree = "<group>"; };
		676BCDF22B9C98F8007136BB /* URLSessionHTTPClient.swift */ = {isa = PBXFileReference; lastKnownFileType = sourcecode.swift; path = URLSessionHTTPClient.swift; sourceTree = "<group>"; };
		676BCDF92B9DBE88007136BB /* AE-Feed.xctestplan */ = {isa = PBXFileReference; lastKnownFileType = text; name = "AE-Feed.xctestplan"; path = "../AE-Feed.xctestplan"; sourceTree = "<group>"; };
		678A183B2B83BFE7009FE00D /* HTTPClient.swift */ = {isa = PBXFileReference; lastKnownFileType = sourcecode.swift; path = HTTPClient.swift; sourceTree = "<group>"; };
		678A183D2B83C039009FE00D /* FeedItemMapper.swift */ = {isa = PBXFileReference; lastKnownFileType = sourcecode.swift; path = FeedItemMapper.swift; sourceTree = "<group>"; };
		678B73192B79DA590015E40D /* RemoteFeedLoader.swift */ = {isa = PBXFileReference; lastKnownFileType = sourcecode.swift; path = RemoteFeedLoader.swift; sourceTree = "<group>"; };
		678B731B2B79DBAF0015E40D /* RemoteFeedLoaderTests.swift */ = {isa = PBXFileReference; fileEncoding = 4; lastKnownFileType = sourcecode.swift; path = RemoteFeedLoaderTests.swift; sourceTree = "<group>"; };
/* End PBXFileReference section */

/* Begin PBXFrameworksBuildPhase section */
		675583F22B767D120017B658 /* Frameworks */ = {
			isa = PBXFrameworksBuildPhase;
			buildActionMask = 2147483647;
			files = (
			);
			runOnlyForDeploymentPostprocessing = 0;
		};
		675583FC2B767D130017B658 /* Frameworks */ = {
			isa = PBXFrameworksBuildPhase;
			buildActionMask = 2147483647;
			files = (
				675584002B767D130017B658 /* AE_Feed.framework in Frameworks */,
			);
			runOnlyForDeploymentPostprocessing = 0;
		};
/* End PBXFrameworksBuildPhase section */

/* Begin PBXGroup section */
		673E6A302B8A63BE00834045 /* FeedAPI */ = {
			isa = PBXGroup;
			children = (
				675CA4B02B983468003E4591 /* Helper */,
				678B731B2B79DBAF0015E40D /* RemoteFeedLoaderTests.swift */,
				675F014E2B8F91EE00E0A2C8 /* URLSessionHTTPClientTests.swift */,
			);
			path = FeedAPI;
			sourceTree = "<group>";
		};
		675583EB2B767D120017B658 = {
			isa = PBXGroup;
			children = (
				675584132B767F820017B658 /* FeedFeature */,
				675583F72B767D120017B658 /* AE-Feed */,
				678B73182B79DA320015E40D /* FeedAPI */,
				675584032B767D130017B658 /* AE-FeedTests */,
				675583F62B767D120017B658 /* Products */,
			);
			sourceTree = "<group>";
		};
		675583F62B767D120017B658 /* Products */ = {
			isa = PBXGroup;
			children = (
				675583F52B767D120017B658 /* AE_Feed.framework */,
				675583FF2B767D130017B658 /* AE-FeedTests.xctest */,
			);
			name = Products;
			sourceTree = "<group>";
		};
		675583F72B767D120017B658 /* AE-Feed */ = {
			isa = PBXGroup;
			children = (
				675583F82B767D120017B658 /* AE_Feed.h */,
				675583F92B767D120017B658 /* AE_Feed.docc */,
			);
			path = "AE-Feed";
			sourceTree = "<group>";
		};
		675584032B767D130017B658 /* AE-FeedTests */ = {
			isa = PBXGroup;
			children = (
				676BCDF92B9DBE88007136BB /* AE-Feed.xctestplan */,
				675584042B767D130017B658 /* AE_FeedTests.swift */,
				673E6A302B8A63BE00834045 /* FeedAPI */,
			);
			path = "AE-FeedTests";
			sourceTree = "<group>";
		};
		675584132B767F820017B658 /* FeedFeature */ = {
			isa = PBXGroup;
			children = (
				675584112B767DB90017B658 /* FeedLoader.swift */,
				6755840F2B767D4F0017B658 /* FeedItem.swift */,
			);
			path = FeedFeature;
			sourceTree = "<group>";
		};
		675CA4B02B983468003E4591 /* Helper */ = {
			isa = PBXGroup;
			children = (
				675CA4B12B9834E4003E4591 /* XCTestCase+MemoryLeakTracking.swift */,
			);
			path = Helper;
			sourceTree = "<group>";
		};
		678B73182B79DA320015E40D /* FeedAPI */ = {
			isa = PBXGroup;
			children = (
				678B73192B79DA590015E40D /* RemoteFeedLoader.swift */,
				678A183B2B83BFE7009FE00D /* HTTPClient.swift */,
				678A183D2B83C039009FE00D /* FeedItemMapper.swift */,
				676BCDF22B9C98F8007136BB /* URLSessionHTTPClient.swift */,
			);
			path = FeedAPI;
			sourceTree = "<group>";
		};
/* End PBXGroup section */

/* Begin PBXHeadersBuildPhase section */
		675583F02B767D120017B658 /* Headers */ = {
			isa = PBXHeadersBuildPhase;
			buildActionMask = 2147483647;
			files = (
				675584062B767D130017B658 /* AE_Feed.h in Headers */,
			);
			runOnlyForDeploymentPostprocessing = 0;
		};
/* End PBXHeadersBuildPhase section */

/* Begin PBXNativeTarget section */
		675583F42B767D120017B658 /* AE-Feed */ = {
			isa = PBXNativeTarget;
			buildConfigurationList = 675584092B767D130017B658 /* Build configuration list for PBXNativeTarget "AE-Feed" */;
			buildPhases = (
				675583F02B767D120017B658 /* Headers */,
				675583F12B767D120017B658 /* Sources */,
				675583F22B767D120017B658 /* Frameworks */,
				675583F32B767D120017B658 /* Resources */,
			);
			buildRules = (
			);
			dependencies = (
			);
			name = "AE-Feed";
			productName = "AE-Feed";
			productReference = 675583F52B767D120017B658 /* AE_Feed.framework */;
			productType = "com.apple.product-type.framework";
		};
		675583FE2B767D130017B658 /* AE-FeedTests */ = {
			isa = PBXNativeTarget;
			buildConfigurationList = 6755840C2B767D130017B658 /* Build configuration list for PBXNativeTarget "AE-FeedTests" */;
			buildPhases = (
				675583FB2B767D130017B658 /* Sources */,
				675583FC2B767D130017B658 /* Frameworks */,
				675583FD2B767D130017B658 /* Resources */,
			);
			buildRules = (
			);
			dependencies = (
				675584022B767D130017B658 /* PBXTargetDependency */,
			);
			name = "AE-FeedTests";
			productName = "AE-FeedTests";
			productReference = 675583FF2B767D130017B658 /* AE-FeedTests.xctest */;
			productType = "com.apple.product-type.bundle.unit-test";
		};
/* End PBXNativeTarget section */

/* Begin PBXProject section */
		675583EC2B767D120017B658 /* Project object */ = {
			isa = PBXProject;
			attributes = {
				BuildIndependentTargetsInParallel = 1;
				LastSwiftUpdateCheck = 1500;
				LastUpgradeCheck = 1500;
				TargetAttributes = {
					675583F42B767D120017B658 = {
						CreatedOnToolsVersion = 15.0.1;
					};
					675583FE2B767D130017B658 = {
						CreatedOnToolsVersion = 15.0.1;
					};
				};
			};
			buildConfigurationList = 675583EF2B767D120017B658 /* Build configuration list for PBXProject "AE-Feed" */;
			compatibilityVersion = "Xcode 14.0";
			developmentRegion = en;
			hasScannedForEncodings = 0;
			knownRegions = (
				en,
				Base,
			);
			mainGroup = 675583EB2B767D120017B658;
			productRefGroup = 675583F62B767D120017B658 /* Products */;
			projectDirPath = "";
			projectRoot = "";
			targets = (
				675583F42B767D120017B658 /* AE-Feed */,
				675583FE2B767D130017B658 /* AE-FeedTests */,
			);
		};
/* End PBXProject section */

/* Begin PBXResourcesBuildPhase section */
		675583F32B767D120017B658 /* Resources */ = {
			isa = PBXResourcesBuildPhase;
			buildActionMask = 2147483647;
			files = (
			);
			runOnlyForDeploymentPostprocessing = 0;
		};
		675583FD2B767D130017B658 /* Resources */ = {
			isa = PBXResourcesBuildPhase;
			buildActionMask = 2147483647;
			files = (
			);
			runOnlyForDeploymentPostprocessing = 0;
		};
/* End PBXResourcesBuildPhase section */

/* Begin PBXSourcesBuildPhase section */
		675583F12B767D120017B658 /* Sources */ = {
			isa = PBXSourcesBuildPhase;
			buildActionMask = 2147483647;
			files = (
				676BCDF32B9C98F8007136BB /* URLSessionHTTPClient.swift in Sources */,
				678B731A2B79DA590015E40D /* RemoteFeedLoader.swift in Sources */,
				678A183C2B83BFE7009FE00D /* HTTPClient.swift in Sources */,
				675584122B767DB90017B658 /* FeedLoader.swift in Sources */,
				678A183E2B83C039009FE00D /* FeedItemMapper.swift in Sources */,
				675584102B767D4F0017B658 /* FeedItem.swift in Sources */,
				675583FA2B767D120017B658 /* AE_Feed.docc in Sources */,
			);
			runOnlyForDeploymentPostprocessing = 0;
		};
		675583FB2B767D130017B658 /* Sources */ = {
			isa = PBXSourcesBuildPhase;
			buildActionMask = 2147483647;
			files = (
				678B731C2B79DBAF0015E40D /* RemoteFeedLoaderTests.swift in Sources */,
				675CA4B22B9834E4003E4591 /* XCTestCase+MemoryLeakTracking.swift in Sources */,
				675F014F2B8F91EE00E0A2C8 /* URLSessionHTTPClientTests.swift in Sources */,
				675584052B767D130017B658 /* AE_FeedTests.swift in Sources */,
			);
			runOnlyForDeploymentPostprocessing = 0;
		};
/* End PBXSourcesBuildPhase section */

/* Begin PBXTargetDependency section */
		675584022B767D130017B658 /* PBXTargetDependency */ = {
			isa = PBXTargetDependency;
			target = 675583F42B767D120017B658 /* AE-Feed */;
			targetProxy = 675584012B767D130017B658 /* PBXContainerItemProxy */;
		};
/* End PBXTargetDependency section */

/* Begin XCBuildConfiguration section */
		675584072B767D130017B658 /* Debug */ = {
			isa = XCBuildConfiguration;
			buildSettings = {
				ALWAYS_SEARCH_USER_PATHS = NO;
				ASSETCATALOG_COMPILER_GENERATE_SWIFT_ASSET_SYMBOL_EXTENSIONS = YES;
				CLANG_ANALYZER_NONNULL = YES;
				CLANG_ANALYZER_NUMBER_OBJECT_CONVERSION = YES_AGGRESSIVE;
				CLANG_CXX_LANGUAGE_STANDARD = "gnu++20";
				CLANG_ENABLE_MODULES = YES;
				CLANG_ENABLE_OBJC_ARC = YES;
				CLANG_ENABLE_OBJC_WEAK = YES;
				CLANG_WARN_BLOCK_CAPTURE_AUTORELEASING = YES;
				CLANG_WARN_BOOL_CONVERSION = YES;
				CLANG_WARN_COMMA = YES;
				CLANG_WARN_CONSTANT_CONVERSION = YES;
				CLANG_WARN_DEPRECATED_OBJC_IMPLEMENTATIONS = YES;
				CLANG_WARN_DIRECT_OBJC_ISA_USAGE = YES_ERROR;
				CLANG_WARN_DOCUMENTATION_COMMENTS = YES;
				CLANG_WARN_EMPTY_BODY = YES;
				CLANG_WARN_ENUM_CONVERSION = YES;
				CLANG_WARN_INFINITE_RECURSION = YES;
				CLANG_WARN_INT_CONVERSION = YES;
				CLANG_WARN_NON_LITERAL_NULL_CONVERSION = YES;
				CLANG_WARN_OBJC_IMPLICIT_RETAIN_SELF = YES;
				CLANG_WARN_OBJC_LITERAL_CONVERSION = YES;
				CLANG_WARN_OBJC_ROOT_CLASS = YES_ERROR;
				CLANG_WARN_QUOTED_INCLUDE_IN_FRAMEWORK_HEADER = YES;
				CLANG_WARN_RANGE_LOOP_ANALYSIS = YES;
				CLANG_WARN_STRICT_PROTOTYPES = YES;
				CLANG_WARN_SUSPICIOUS_MOVE = YES;
				CLANG_WARN_UNGUARDED_AVAILABILITY = YES_AGGRESSIVE;
				CLANG_WARN_UNREACHABLE_CODE = YES;
				CLANG_WARN__DUPLICATE_METHOD_MATCH = YES;
				COPY_PHASE_STRIP = NO;
				CURRENT_PROJECT_VERSION = 1;
				DEBUG_INFORMATION_FORMAT = dwarf;
				ENABLE_STRICT_OBJC_MSGSEND = YES;
				ENABLE_TESTABILITY = YES;
				ENABLE_USER_SCRIPT_SANDBOXING = YES;
				GCC_C_LANGUAGE_STANDARD = gnu17;
				GCC_DYNAMIC_NO_PIC = NO;
				GCC_NO_COMMON_BLOCKS = YES;
				GCC_OPTIMIZATION_LEVEL = 0;
				GCC_PREPROCESSOR_DEFINITIONS = (
					"DEBUG=1",
					"$(inherited)",
				);
				GCC_WARN_64_TO_32_BIT_CONVERSION = YES;
				GCC_WARN_ABOUT_RETURN_TYPE = YES_ERROR;
				GCC_WARN_UNDECLARED_SELECTOR = YES;
				GCC_WARN_UNINITIALIZED_AUTOS = YES_AGGRESSIVE;
				GCC_WARN_UNUSED_FUNCTION = YES;
				GCC_WARN_UNUSED_VARIABLE = YES;
				LOCALIZATION_PREFERS_STRING_CATALOGS = YES;
				MACOSX_DEPLOYMENT_TARGET = 13.6;
				MTL_ENABLE_DEBUG_INFO = INCLUDE_SOURCE;
				MTL_FAST_MATH = YES;
				ONLY_ACTIVE_ARCH = YES;
				SDKROOT = macosx;
				SWIFT_ACTIVE_COMPILATION_CONDITIONS = "DEBUG $(inherited)";
				SWIFT_OPTIMIZATION_LEVEL = "-Onone";
				VERSIONING_SYSTEM = "apple-generic";
				VERSION_INFO_PREFIX = "";
			};
			name = Debug;
		};
		675584082B767D130017B658 /* Release */ = {
			isa = XCBuildConfiguration;
			buildSettings = {
				ALWAYS_SEARCH_USER_PATHS = NO;
				ASSETCATALOG_COMPILER_GENERATE_SWIFT_ASSET_SYMBOL_EXTENSIONS = YES;
				CLANG_ANALYZER_NONNULL = YES;
				CLANG_ANALYZER_NUMBER_OBJECT_CONVERSION = YES_AGGRESSIVE;
				CLANG_CXX_LANGUAGE_STANDARD = "gnu++20";
				CLANG_ENABLE_MODULES = YES;
				CLANG_ENABLE_OBJC_ARC = YES;
				CLANG_ENABLE_OBJC_WEAK = YES;
				CLANG_WARN_BLOCK_CAPTURE_AUTORELEASING = YES;
				CLANG_WARN_BOOL_CONVERSION = YES;
				CLANG_WARN_COMMA = YES;
				CLANG_WARN_CONSTANT_CONVERSION = YES;
				CLANG_WARN_DEPRECATED_OBJC_IMPLEMENTATIONS = YES;
				CLANG_WARN_DIRECT_OBJC_ISA_USAGE = YES_ERROR;
				CLANG_WARN_DOCUMENTATION_COMMENTS = YES;
				CLANG_WARN_EMPTY_BODY = YES;
				CLANG_WARN_ENUM_CONVERSION = YES;
				CLANG_WARN_INFINITE_RECURSION = YES;
				CLANG_WARN_INT_CONVERSION = YES;
				CLANG_WARN_NON_LITERAL_NULL_CONVERSION = YES;
				CLANG_WARN_OBJC_IMPLICIT_RETAIN_SELF = YES;
				CLANG_WARN_OBJC_LITERAL_CONVERSION = YES;
				CLANG_WARN_OBJC_ROOT_CLASS = YES_ERROR;
				CLANG_WARN_QUOTED_INCLUDE_IN_FRAMEWORK_HEADER = YES;
				CLANG_WARN_RANGE_LOOP_ANALYSIS = YES;
				CLANG_WARN_STRICT_PROTOTYPES = YES;
				CLANG_WARN_SUSPICIOUS_MOVE = YES;
				CLANG_WARN_UNGUARDED_AVAILABILITY = YES_AGGRESSIVE;
				CLANG_WARN_UNREACHABLE_CODE = YES;
				CLANG_WARN__DUPLICATE_METHOD_MATCH = YES;
				COPY_PHASE_STRIP = NO;
				CURRENT_PROJECT_VERSION = 1;
				DEBUG_INFORMATION_FORMAT = "dwarf-with-dsym";
				ENABLE_NS_ASSERTIONS = NO;
				ENABLE_STRICT_OBJC_MSGSEND = YES;
				ENABLE_USER_SCRIPT_SANDBOXING = YES;
				GCC_C_LANGUAGE_STANDARD = gnu17;
				GCC_NO_COMMON_BLOCKS = YES;
				GCC_WARN_64_TO_32_BIT_CONVERSION = YES;
				GCC_WARN_ABOUT_RETURN_TYPE = YES_ERROR;
				GCC_WARN_UNDECLARED_SELECTOR = YES;
				GCC_WARN_UNINITIALIZED_AUTOS = YES_AGGRESSIVE;
				GCC_WARN_UNUSED_FUNCTION = YES;
				GCC_WARN_UNUSED_VARIABLE = YES;
				LOCALIZATION_PREFERS_STRING_CATALOGS = YES;
				MACOSX_DEPLOYMENT_TARGET = 13.6;
				MTL_ENABLE_DEBUG_INFO = NO;
				MTL_FAST_MATH = YES;
				SDKROOT = macosx;
				SWIFT_COMPILATION_MODE = wholemodule;
				VERSIONING_SYSTEM = "apple-generic";
				VERSION_INFO_PREFIX = "";
			};
			name = Release;
		};
		6755840A2B767D130017B658 /* Debug */ = {
			isa = XCBuildConfiguration;
			buildSettings = {
				CODE_SIGN_STYLE = Automatic;
				COMBINE_HIDPI_IMAGES = YES;
				CURRENT_PROJECT_VERSION = 1;
				DEFINES_MODULE = YES;
				DEVELOPMENT_TEAM = 79X737MFXF;
				DYLIB_COMPATIBILITY_VERSION = 1;
				DYLIB_CURRENT_VERSION = 1;
				DYLIB_INSTALL_NAME_BASE = "@rpath";
				ENABLE_MODULE_VERIFIER = YES;
				GENERATE_INFOPLIST_FILE = YES;
				INFOPLIST_KEY_NSHumanReadableCopyright = "";
				INSTALL_PATH = "$(LOCAL_LIBRARY_DIR)/Frameworks";
				LD_RUNPATH_SEARCH_PATHS = (
					"$(inherited)",
					"@executable_path/../Frameworks",
					"@loader_path/Frameworks",
				);
				MARKETING_VERSION = 1.0;
				MODULE_VERIFIER_SUPPORTED_LANGUAGES = "objective-c objective-c++";
				MODULE_VERIFIER_SUPPORTED_LANGUAGE_STANDARDS = "gnu17 gnu++20";
				PRODUCT_BUNDLE_IDENTIFIER = "com.archanaDev.AE-Feed";
				PRODUCT_NAME = "$(TARGET_NAME:c99extidentifier)";
				SKIP_INSTALL = YES;
				SWIFT_EMIT_LOC_STRINGS = YES;
				SWIFT_VERSION = 5.0;
			};
			name = Debug;
		};
		6755840B2B767D130017B658 /* Release */ = {
			isa = XCBuildConfiguration;
			buildSettings = {
				CODE_SIGN_STYLE = Automatic;
				COMBINE_HIDPI_IMAGES = YES;
				CURRENT_PROJECT_VERSION = 1;
				DEFINES_MODULE = YES;
				DEVELOPMENT_TEAM = 79X737MFXF;
				DYLIB_COMPATIBILITY_VERSION = 1;
				DYLIB_CURRENT_VERSION = 1;
				DYLIB_INSTALL_NAME_BASE = "@rpath";
				ENABLE_MODULE_VERIFIER = YES;
				GENERATE_INFOPLIST_FILE = YES;
				INFOPLIST_KEY_NSHumanReadableCopyright = "";
				INSTALL_PATH = "$(LOCAL_LIBRARY_DIR)/Frameworks";
				LD_RUNPATH_SEARCH_PATHS = (
					"$(inherited)",
					"@executable_path/../Frameworks",
					"@loader_path/Frameworks",
				);
				MARKETING_VERSION = 1.0;
				MODULE_VERIFIER_SUPPORTED_LANGUAGES = "objective-c objective-c++";
				MODULE_VERIFIER_SUPPORTED_LANGUAGE_STANDARDS = "gnu17 gnu++20";
				PRODUCT_BUNDLE_IDENTIFIER = "com.archanaDev.AE-Feed";
				PRODUCT_NAME = "$(TARGET_NAME:c99extidentifier)";
				SKIP_INSTALL = YES;
				SWIFT_EMIT_LOC_STRINGS = YES;
				SWIFT_VERSION = 5.0;
			};
			name = Release;
		};
		6755840D2B767D130017B658 /* Debug */ = {
			isa = XCBuildConfiguration;
			buildSettings = {
				ALWAYS_EMBED_SWIFT_STANDARD_LIBRARIES = YES;
				CODE_SIGN_STYLE = Automatic;
				CURRENT_PROJECT_VERSION = 1;
				DEVELOPMENT_TEAM = 79X737MFXF;
				GENERATE_INFOPLIST_FILE = YES;
				MARKETING_VERSION = 1.0;
				PRODUCT_BUNDLE_IDENTIFIER = "com.archanaDev.AE-FeedTests";
				PRODUCT_NAME = "$(TARGET_NAME)";
				SWIFT_EMIT_LOC_STRINGS = NO;
				SWIFT_VERSION = 5.0;
			};
			name = Debug;
		};
		6755840E2B767D130017B658 /* Release */ = {
			isa = XCBuildConfiguration;
			buildSettings = {
				ALWAYS_EMBED_SWIFT_STANDARD_LIBRARIES = YES;
				CODE_SIGN_STYLE = Automatic;
				CURRENT_PROJECT_VERSION = 1;
				DEVELOPMENT_TEAM = 79X737MFXF;
				GENERATE_INFOPLIST_FILE = YES;
				MARKETING_VERSION = 1.0;
				PRODUCT_BUNDLE_IDENTIFIER = "com.archanaDev.AE-FeedTests";
				PRODUCT_NAME = "$(TARGET_NAME)";
				SWIFT_EMIT_LOC_STRINGS = NO;
				SWIFT_VERSION = 5.0;
			};
			name = Release;
		};
/* End XCBuildConfiguration section */

/* Begin XCConfigurationList section */
		675583EF2B767D120017B658 /* Build configuration list for PBXProject "AE-Feed" */ = {
			isa = XCConfigurationList;
			buildConfigurations = (
				675584072B767D130017B658 /* Debug */,
				675584082B767D130017B658 /* Release */,
			);
			defaultConfigurationIsVisible = 0;
			defaultConfigurationName = Release;
		};
		675584092B767D130017B658 /* Build configuration list for PBXNativeTarget "AE-Feed" */ = {
			isa = XCConfigurationList;
			buildConfigurations = (
				6755840A2B767D130017B658 /* Debug */,
				6755840B2B767D130017B658 /* Release */,
			);
			defaultConfigurationIsVisible = 0;
			defaultConfigurationName = Release;
		};
		6755840C2B767D130017B658 /* Build configuration list for PBXNativeTarget "AE-FeedTests" */ = {
			isa = XCConfigurationList;
			buildConfigurations = (
				6755840D2B767D130017B658 /* Debug */,
				6755840E2B767D130017B658 /* Release */,
			);
			defaultConfigurationIsVisible = 0;
			defaultConfigurationName = Release;
		};
/* End XCConfigurationList section */
	};
	rootObject = 675583EC2B767D120017B658 /* Project object */;
}
